// !$*UTF8*$!
{
	archiveVersion = 1;
	classes = {
	};
	objectVersion = 77;
	objects = {

/* Begin PBXBuildFile section */
		1338C1EE2FA900A500875B9B /* Greek_RadioTests.swift in Sources */ = {isa = PBXBuildFile; fileRef = 1338C1ED2FA900A500875B9B /* Greek_RadioTests.swift */; };
		1338C1F12FA900A500875B9B /* Greek_RadioUITests.swift in Sources */ = {isa = PBXBuildFile; fileRef = 1338C1EF2FA900A500875B9B /* Greek_RadioUITests.swift */; };
		1338C1F22FA900A500875B9B /* Greek_RadioUITestsLaunchTests.swift in Sources */ = {isa = PBXBuildFile; fileRef = 1338C1F02FA900A500875B9B /* Greek_RadioUITestsLaunchTests.swift */; };
		F14A5C742FF1000100875B9B /* Supabase in Frameworks */ = {isa = PBXBuildFile; productRef = F14A5C732FF1000100875B9B /* Supabase */; };
/* End PBXBuildFile section */

/* Begin PBXContainerItemProxy section */
		1338C1BB2FA8E4E200875B9B /* PBXContainerItemProxy */ = {
			isa = PBXContainerItemProxy;
			containerPortal = 1338C1A12FA8E4E100875B9B /* Project object */;
			proxyType = 1;
			remoteGlobalIDString = 1338C1A82FA8E4E100875B9B;
			remoteInfo = "Greek Radio";
		};
		1338C1C52FA8E4E200875B9B /* PBXContainerItemProxy */ = {
			isa = PBXContainerItemProxy;
			containerPortal = 1338C1A12FA8E4E100875B9B /* Project object */;
			proxyType = 1;
			remoteGlobalIDString = 1338C1A82FA8E4E100875B9B;
			remoteInfo = "Greek Radio";
		};
/* End PBXContainerItemProxy section */

/* Begin PBXFileReference section */
		132FB3172FABC2110099E19C /* el */ = {isa = PBXFileReference; lastKnownFileType = text.plist.strings; name = el; path = Localizable.strings; sourceTree = "<group>"; };
		1338C1A92FA8E4E100875B9B /* Greek Radio.app */ = {isa = PBXFileReference; explicitFileType = wrapper.application; includeInIndex = 0; path = "Greek Radio.app"; sourceTree = BUILT_PRODUCTS_DIR; };
		1338C1BA2FA8E4E200875B9B /* Greek RadioTests.xctest */ = {isa = PBXFileReference; explicitFileType = wrapper.cfbundle; includeInIndex = 0; path = "Greek RadioTests.xctest"; sourceTree = BUILT_PRODUCTS_DIR; };
		1338C1C42FA8E4E200875B9B /* Greek RadioUITests.xctest */ = {isa = PBXFileReference; explicitFileType = wrapper.cfbundle; includeInIndex = 0; path = "Greek RadioUITests.xctest"; sourceTree = BUILT_PRODUCTS_DIR; };
		1338C1ED2FA900A500875B9B /* Greek_RadioTests.swift */ = {isa = PBXFileReference; lastKnownFileType = sourcecode.swift; path = Greek_RadioTests.swift; sourceTree = "<group>"; };
		1338C1EF2FA900A500875B9B /* Greek_RadioUITests.swift */ = {isa = PBXFileReference; lastKnownFileType = sourcecode.swift; path = Greek_RadioUITests.swift; sourceTree = "<group>"; };
		1338C1F02FA900A500875B9B /* Greek_RadioUITestsLaunchTests.swift */ = {isa = PBXFileReference; lastKnownFileType = sourcecode.swift; path = Greek_RadioUITestsLaunchTests.swift; sourceTree = "<group>"; };
/* End PBXFileReference section */

/* Begin PBXFileSystemSynchronizedBuildFileExceptionSet section */
		1338C1CC2FA8E4E200875B9B /* Exceptions for "Greek Radio" folder in "Greek Radio" target */ = {
			isa = PBXFileSystemSynchronizedBuildFileExceptionSet;
			membershipExceptions = (
				Info.plist,
			);
			target = 1338C1A82FA8E4E100875B9B /* Greek Radio */;
		};
/* End PBXFileSystemSynchronizedBuildFileExceptionSet section */

/* Begin PBXFileSystemSynchronizedRootGroup section */
		1338C1AB2FA8E4E100875B9B /* Greek Radio */ = {
			isa = PBXFileSystemSynchronizedRootGroup;
			exceptions = (
				1338C1CC2FA8E4E200875B9B /* Exceptions for "Greek Radio" folder in "Greek Radio" target */,
			);
			path = "Greek Radio";
			sourceTree = "<group>";
		};
		1338C1BD2FA8E4E200875B9B /* Greek RadioTests */ = {
			isa = PBXFileSystemSynchronizedRootGroup;
			path = "Greek RadioTests";
			sourceTree = "<group>";
		};
		1338C1C72FA8E4E200875B9B /* Greek RadioUITests */ = {
			isa = PBXFileSystemSynchronizedRootGroup;
			path = "Greek RadioUITests";
			sourceTree = "<group>";
		};
/* End PBXFileSystemSynchronizedRootGroup section */

/* Begin PBXFrameworksBuildPhase section */
		1338C1A62FA8E4E100875B9B /* Frameworks */ = {
			isa = PBXFrameworksBuildPhase;
			buildActionMask = 2147483647;
			files = (
				F14A5C742FF1000100875B9B /* Supabase in Frameworks */,
			);
			runOnlyForDeploymentPostprocessing = 0;
		};
		1338C1B72FA8E4E200875B9B /* Frameworks */ = {
			isa = PBXFrameworksBuildPhase;
			buildActionMask = 2147483647;
			files = (
			);
			runOnlyForDeploymentPostprocessing = 0;
		};
		1338C1C12FA8E4E200875B9B /* Frameworks */ = {
			isa = PBXFrameworksBuildPhase;
			buildActionMask = 2147483647;
			files = (
			);
			runOnlyForDeploymentPostprocessing = 0;
		};
/* End PBXFrameworksBuildPhase section */

/* Begin PBXGroup section */
		132A3BBB2FAA68A800C6B063 /* Scripts */ = {
			isa = PBXGroup;
			children = (
			);
			path = Scripts;
			sourceTree = "<group>";
		};
		132FB21B2FABBEE80099E19C /* el.lproj */ = {
			isa = PBXGroup;
			children = (
				132FB3162FABC2110099E19C /* Localizable.strings */,
			);
			path = el.lproj;
			sourceTree = "<group>";
		};
		1338C1A02FA8E4E100875B9B = {
			isa = PBXGroup;
			children = (
				1338C1AB2FA8E4E100875B9B /* Greek Radio */,
				1338C1BD2FA8E4E200875B9B /* Greek RadioTests */,
				1338C1C72FA8E4E200875B9B /* Greek RadioUITests */,
				1338C1AA2FA8E4E100875B9B /* Products */,
				1338C1FC2FA94DF000875B9B /* Tests */,
				132A3BBB2FAA68A800C6B063 /* Scripts */,
				CAFE0003CAFE0003CAFE0003 /* Frameworks */,
				132FB21B2FABBEE80099E19C /* el.lproj */,
			);
			sourceTree = "<group>";
		};
		1338C1AA2FA8E4E100875B9B /* Products */ = {
			isa = PBXGroup;
			children = (
				1338C1A92FA8E4E100875B9B /* Greek Radio.app */,
				1338C1BA2FA8E4E200875B9B /* Greek RadioTests.xctest */,
				1338C1C42FA8E4E200875B9B /* Greek RadioUITests.xctest */,
			);
			name = Products;
			sourceTree = "<group>";
		};
		1338C1FC2FA94DF000875B9B /* Tests */ = {
			isa = PBXGroup;
			children = (
				1338C1FD2FA94DF000875B9B /* Unit */,
				1338C1FE2FA94DF000875B9B /* UI */,
			);
			path = Tests;
			sourceTree = "<group>";
		};
		1338C1FD2FA94DF000875B9B /* Unit */ = {
			isa = PBXGroup;
			children = (
				1338C1ED2FA900A500875B9B /* Greek_RadioTests.swift */,
			);
			path = Unit;
			sourceTree = "<group>";
		};
		1338C1FE2FA94DF000875B9B /* UI */ = {
			isa = PBXGroup;
			children = (
				1338C1EF2FA900A500875B9B /* Greek_RadioUITests.swift */,
				1338C1F02FA900A500875B9B /* Greek_RadioUITestsLaunchTests.swift */,
			);
			path = UI;
			sourceTree = "<group>";
		};
		CAFE0003CAFE0003CAFE0003 /* Frameworks */ = {
			isa = PBXGroup;
			children = (
			);
			name = Frameworks;
			sourceTree = "<group>";
		};
/* End PBXGroup section */

/* Begin PBXNativeTarget section */
		1338C1A82FA8E4E100875B9B /* Greek Radio */ = {
			isa = PBXNativeTarget;
			buildConfigurationList = 1338C1CD2FA8E4E200875B9B /* Build configuration list for PBXNativeTarget "Greek Radio" */;
			buildPhases = (
				1338C1A52FA8E4E100875B9B /* Sources */,
				1338C1A62FA8E4E100875B9B /* Frameworks */,
				1338C1A72FA8E4E100875B9B /* Resources */,
				132A3BBC2FAA6E3500C6B063 /* Increment Build Number */,
			);
			buildRules = (
			);
			dependencies = (
			);
			fileSystemSynchronizedGroups = (
				1338C1AB2FA8E4E100875B9B /* Greek Radio */,
			);
			name = "Greek Radio";
			packageProductDependencies = (
				F14A5C732FF1000100875B9B /* Supabase */,
			);
			productName = "Greek Radio";
			productReference = 1338C1A92FA8E4E100875B9B /* Greek Radio.app */;
			productType = "com.apple.product-type.application";
		};
		1338C1B92FA8E4E200875B9B /* Greek RadioTests */ = {
			isa = PBXNativeTarget;
			buildConfigurationList = 1338C1D22FA8E4E200875B9B /* Build configuration list for PBXNativeTarget "Greek RadioTests" */;
			buildPhases = (
				1338C1B62FA8E4E200875B9B /* Sources */,
				1338C1B72FA8E4E200875B9B /* Frameworks */,
				1338C1B82FA8E4E200875B9B /* Resources */,
			);
			buildRules = (
			);
			dependencies = (
				1338C1BC2FA8E4E200875B9B /* PBXTargetDependency */,
			);
			fileSystemSynchronizedGroups = (
				1338C1BD2FA8E4E200875B9B /* Greek RadioTests */,
			);
			name = "Greek RadioTests";
			packageProductDependencies = (
			);
			productName = "Greek RadioTests";
			productReference = 1338C1BA2FA8E4E200875B9B /* Greek RadioTests.xctest */;
			productType = "com.apple.product-type.bundle.unit-test";
		};
		1338C1C32FA8E4E200875B9B /* Greek RadioUITests */ = {
			isa = PBXNativeTarget;
			buildConfigurationList = 1338C1D52FA8E4E200875B9B /* Build configuration list for PBXNativeTarget "Greek RadioUITests" */;
			buildPhases = (
				1338C1C02FA8E4E200875B9B /* Sources */,
				1338C1C12FA8E4E200875B9B /* Frameworks */,
				1338C1C22FA8E4E200875B9B /* Resources */,
			);
			buildRules = (
			);
			dependencies = (
				1338C1C62FA8E4E200875B9B /* PBXTargetDependency */,
			);
			fileSystemSynchronizedGroups = (
				1338C1C72FA8E4E200875B9B /* Greek RadioUITests */,
			);
			name = "Greek RadioUITests";
			packageProductDependencies = (
			);
			productName = "Greek RadioUITests";
			productReference = 1338C1C42FA8E4E200875B9B /* Greek RadioUITests.xctest */;
			productType = "com.apple.product-type.bundle.ui-testing";
		};
/* End PBXNativeTarget section */

/* Begin PBXProject section */
		1338C1A12FA8E4E100875B9B /* Project object */ = {
			isa = PBXProject;
			attributes = {
				BuildIndependentTargetsInParallel = 1;
				LastSwiftUpdateCheck = 2640;
				LastUpgradeCheck = 2640;
				TargetAttributes = {
					1338C1A82FA8E4E100875B9B = {
						CreatedOnToolsVersion = 26.4.1;
					};
					1338C1B92FA8E4E200875B9B = {
						CreatedOnToolsVersion = 26.4.1;
						TestTargetID = 1338C1A82FA8E4E100875B9B;
					};
					1338C1C32FA8E4E200875B9B = {
						CreatedOnToolsVersion = 26.4.1;
						TestTargetID = 1338C1A82FA8E4E100875B9B;
					};
				};
			};
			buildConfigurationList = 1338C1A42FA8E4E100875B9B /* Build configuration list for PBXProject "Greek Radio" */;
			developmentRegion = en;
			hasScannedForEncodings = 0;
			knownRegions = (
				en,
				Base,
				Greek,
				el,
			);
			mainGroup = 1338C1A02FA8E4E100875B9B;
			minimizedProjectReferenceProxies = 1;
			packageReferences = (
				F14A5C722FF1000100875B9B /* XCRemoteSwiftPackageReference "supabase-swift" */,
			);
			preferredProjectObjectVersion = 77;
			productRefGroup = 1338C1AA2FA8E4E100875B9B /* Products */;
			projectDirPath = "";
			projectRoot = "";
			targets = (
				1338C1A82FA8E4E100875B9B /* Greek Radio */,
				1338C1B92FA8E4E200875B9B /* Greek RadioTests */,
				1338C1C32FA8E4E200875B9B /* Greek RadioUITests */,
			);
		};
/* End PBXProject section */

/* Begin PBXResourcesBuildPhase section */
		1338C1A72FA8E4E100875B9B /* Resources */ = {
			isa = PBXResourcesBuildPhase;
			buildActionMask = 2147483647;
			files = (
			);
			runOnlyForDeploymentPostprocessing = 0;
		};
		1338C1B82FA8E4E200875B9B /* Resources */ = {
			isa = PBXResourcesBuildPhase;
			buildActionMask = 2147483647;
			files = (
			);
			runOnlyForDeploymentPostprocessing = 0;
		};
		1338C1C22FA8E4E200875B9B /* Resources */ = {
			isa = PBXResourcesBuildPhase;
			buildActionMask = 2147483647;
			files = (
			);
			runOnlyForDeploymentPostprocessing = 0;
		};
/* End PBXResourcesBuildPhase section */

/* Begin PBXShellScriptBuildPhase section */
		132A3BBC2FAA6E3500C6B063 /* Increment Build Number */ = {
			isa = PBXShellScriptBuildPhase;
			buildActionMask = 2147483647;
			files = (
			);
			inputFileListPaths = (
			);
			inputPaths = (
			);
			name = "Increment Build Number";
			outputFileListPaths = (
			);
			outputPaths = (
			);
			runOnlyForDeploymentPostprocessing = 0;
			shellPath = /bin/sh;
			shellScript = "xcrun agvtool next-version -all\n";
		};
/* End PBXShellScriptBuildPhase section */

/* Begin PBXSourcesBuildPhase section */
		1338C1A52FA8E4E100875B9B /* Sources */ = {
			isa = PBXSourcesBuildPhase;
			buildActionMask = 2147483647;
			files = (
			);
			runOnlyForDeploymentPostprocessing = 0;
		};
		1338C1B62FA8E4E200875B9B /* Sources */ = {
			isa = PBXSourcesBuildPhase;
			buildActionMask = 2147483647;
			files = (
				1338C1EE2FA900A500875B9B /* Greek_RadioTests.swift in Sources */,
			);
			runOnlyForDeploymentPostprocessing = 0;
		};
		1338C1C02FA8E4E200875B9B /* Sources */ = {
			isa = PBXSourcesBuildPhase;
			buildActionMask = 2147483647;
			files = (
				1338C1F12FA900A500875B9B /* Greek_RadioUITests.swift in Sources */,
				1338C1F22FA900A500875B9B /* Greek_RadioUITestsLaunchTests.swift in Sources */,
			);
			runOnlyForDeploymentPostprocessing = 0;
		};
/* End PBXSourcesBuildPhase section */

/* Begin PBXTargetDependency section */
		1338C1BC2FA8E4E200875B9B /* PBXTargetDependency */ = {
			isa = PBXTargetDependency;
			target = 1338C1A82FA8E4E100875B9B /* Greek Radio */;
			targetProxy = 1338C1BB2FA8E4E200875B9B /* PBXContainerItemProxy */;
		};
		1338C1C62FA8E4E200875B9B /* PBXTargetDependency */ = {
			isa = PBXTargetDependency;
			target = 1338C1A82FA8E4E100875B9B /* Greek Radio */;
			targetProxy = 1338C1C52FA8E4E200875B9B /* PBXContainerItemProxy */;
		};
/* End PBXTargetDependency section */

/* Begin PBXVariantGroup section */
		132FB3162FABC2110099E19C /* Localizable.strings */ = {
			isa = PBXVariantGroup;
			children = (
				132FB3172FABC2110099E19C /* el */,
			);
			name = Localizable.strings;
			sourceTree = "<group>";
		};
/* End PBXVariantGroup section */

/* Begin XCBuildConfiguration section */
		1338C1CE2FA8E4E200875B9B /* Debug */ = {
			isa = XCBuildConfiguration;
			buildSettings = {
				ASSETCATALOG_COMPILER_APPICON_NAME = AppIcon;
				ASSETCATALOG_COMPILER_GLOBAL_ACCENT_COLOR_NAME = AccentColor;
				CODE_SIGN_ENTITLEMENTS = "Greek Radio/Greek_Radio.entitlements";
				CODE_SIGN_STYLE = Automatic;
				CURRENT_PROJECT_VERSION = 3075;
				DEVELOPMENT_TEAM = HPSF3D2F4U;
				ENABLE_PREVIEWS = YES;
				GENERATE_INFOPLIST_FILE = YES;
				INFOPLIST_FILE = "Greek Radio/Info.plist";
				INFOPLIST_KEY_LSApplicationCategoryType = "public.app-category.entertainment";
				INFOPLIST_KEY_UIApplicationSceneManifest_Generation = NO;
				INFOPLIST_KEY_UIApplicationSupportsIndirectInputEvents = YES;
				INFOPLIST_KEY_UILaunchScreen_Generation = YES;
				INFOPLIST_KEY_UISupportedInterfaceOrientations_iPad = "UIInterfaceOrientationPortrait UIInterfaceOrientationPortraitUpsideDown UIInterfaceOrientationLandscapeLeft UIInterfaceOrientationLandscapeRight";
				INFOPLIST_KEY_UISupportedInterfaceOrientations_iPhone = "UIInterfaceOrientationPortrait UIInterfaceOrientationLandscapeLeft UIInterfaceOrientationLandscapeRight";
				IPHONEOS_DEPLOYMENT_TARGET = 26.0;
				LD_RUNPATH_SEARCH_PATHS = (
					"$(inherited)",
					"@executable_path/Frameworks",
				);
				MARKETING_VERSION = 3.0.1;
				PRODUCT_BUNDLE_IDENTIFIER = com.NSCoding.GreekRadio;
				PRODUCT_NAME = "$(TARGET_NAME)";
				STRING_CATALOG_GENERATE_SYMBOLS = YES;
				SWIFT_APPROACHABLE_CONCURRENCY = YES;
				SWIFT_DEFAULT_ACTOR_ISOLATION = MainActor;
				SWIFT_EMIT_LOC_STRINGS = YES;
				SWIFT_UPCOMING_FEATURE_MEMBER_IMPORT_VISIBILITY = YES;
				SWIFT_VERSION = 5.0;
				TARGETED_DEVICE_FAMILY = "1,2";
			};
			name = Debug;
		};
		1338C1CF2FA8E4E200875B9B /* Release */ = {
			isa = XCBuildConfiguration;
			buildSettings = {
				ASSETCATALOG_COMPILER_APPICON_NAME = AppIcon;
				ASSETCATALOG_COMPILER_GLOBAL_ACCENT_COLOR_NAME = AccentColor;
				CODE_SIGN_ENTITLEMENTS = "Greek Radio/Greek_Radio.entitlements";
				CODE_SIGN_STYLE = Automatic;
				CURRENT_PROJECT_VERSION = 3075;
				DEVELOPMENT_TEAM = HPSF3D2F4U;
				ENABLE_PREVIEWS = YES;
				GENERATE_INFOPLIST_FILE = YES;
				INFOPLIST_FILE = "Greek Radio/Info.plist";
				INFOPLIST_KEY_LSApplicationCategoryType = "public.app-category.entertainment";
				INFOPLIST_KEY_UIApplicationSceneManifest_Generation = NO;
				INFOPLIST_KEY_UIApplicationSupportsIndirectInputEvents = YES;
				INFOPLIST_KEY_UILaunchScreen_Generation = YES;
				INFOPLIST_KEY_UISupportedInterfaceOrientations_iPad = "UIInterfaceOrientationPortrait UIInterfaceOrientationPortraitUpsideDown UIInterfaceOrientationLandscapeLeft UIInterfaceOrientationLandscapeRight";
				INFOPLIST_KEY_UISupportedInterfaceOrientations_iPhone = "UIInterfaceOrientationPortrait UIInterfaceOrientationLandscapeLeft UIInterfaceOrientationLandscapeRight";
				IPHONEOS_DEPLOYMENT_TARGET = 26.0;
				LD_RUNPATH_SEARCH_PATHS = (
					"$(inherited)",
					"@executable_path/Frameworks",
				);
				MARKETING_VERSION = 3.0.1;
				PRODUCT_BUNDLE_IDENTIFIER = com.NSCoding.GreekRadio;
				PRODUCT_NAME = "$(TARGET_NAME)";
				STRING_CATALOG_GENERATE_SYMBOLS = YES;
				SWIFT_APPROACHABLE_CONCURRENCY = YES;
				SWIFT_DEFAULT_ACTOR_ISOLATION = MainActor;
				SWIFT_EMIT_LOC_STRINGS = YES;
				SWIFT_UPCOMING_FEATURE_MEMBER_IMPORT_VISIBILITY = YES;
				SWIFT_VERSION = 5.0;
				TARGETED_DEVICE_FAMILY = "1,2";
			};
			name = Release;
		};
		1338C1D02FA8E4E200875B9B /* Debug */ = {
			isa = XCBuildConfiguration;
			buildSettings = {
				ALWAYS_SEARCH_USER_PATHS = NO;
				ASSETCATALOG_COMPILER_GENERATE_SWIFT_ASSET_SYMBOL_EXTENSIONS = YES;
				CLANG_ANALYZER_NONNULL = YES;
				CLANG_ANALYZER_NUMBER_OBJECT_CONVERSION = YES_AGGRESSIVE;
				CLANG_CXX_LANGUAGE_STANDARD = "gnu++20";
				CLANG_ENABLE_MODULES = YES;
				CLANG_ENABLE_OBJC_ARC = YES;
				CLANG_ENABLE_OBJC_WEAK = YES;
				CLANG_WARN_BLOCK_CAPTURE_AUTORELEASING = YES;
				CLANG_WARN_BOOL_CONVERSION = YES;
				CLANG_WARN_COMMA = YES;
				CLANG_WARN_CONSTANT_CONVERSION = YES;
				CLANG_WARN_DEPRECATED_OBJC_IMPLEMENTATIONS = YES;
				CLANG_WARN_DIRECT_OBJC_ISA_USAGE = YES_ERROR;
				CLANG_WARN_DOCUMENTATION_COMMENTS = YES;
				CLANG_WARN_EMPTY_BODY = YES;
				CLANG_WARN_ENUM_CONVERSION = YES;
				CLANG_WARN_INFINITE_RECURSION = YES;
				CLANG_WARN_INT_CONVERSION = YES;
				CLANG_WARN_NON_LITERAL_NULL_CONVERSION = YES;
				CLANG_WARN_OBJC_IMPLICIT_RETAIN_SELF = YES;
				CLANG_WARN_OBJC_LITERAL_CONVERSION = YES;
				CLANG_WARN_OBJC_ROOT_CLASS = YES_ERROR;
				CLANG_WARN_QUOTED_INCLUDE_IN_FRAMEWORK_HEADER = YES;
				CLANG_WARN_RANGE_LOOP_ANALYSIS = YES;
				CLANG_WARN_STRICT_PROTOTYPES = YES;
				CLANG_WARN_SUSPICIOUS_MOVE = YES;
				CLANG_WARN_UNGUARDED_AVAILABILITY = YES_AGGRESSIVE;
				CLANG_WARN_UNREACHABLE_CODE = YES;
				CLANG_WARN__DUPLICATE_METHOD_MATCH = YES;
				COPY_PHASE_STRIP = NO;
				DEBUG_INFORMATION_FORMAT = dwarf;
				DEVELOPMENT_TEAM = HPSF3D2F4U;
				ENABLE_STRICT_OBJC_MSGSEND = YES;
				ENABLE_TESTABILITY = YES;
				ENABLE_USER_SCRIPT_SANDBOXING = NO;
				GCC_C_LANGUAGE_STANDARD = gnu17;
				GCC_DYNAMIC_NO_PIC = NO;
				GCC_NO_COMMON_BLOCKS = YES;
				GCC_OPTIMIZATION_LEVEL = 0;
				GCC_PREPROCESSOR_DEFINITIONS = (
					"DEBUG=1",
					"$(inherited)",
				);
				GCC_WARN_64_TO_32_BIT_CONVERSION = YES;
				GCC_WARN_ABOUT_RETURN_TYPE = YES_ERROR;
				GCC_WARN_UNDECLARED_SELECTOR = YES;
				GCC_WARN_UNINITIALIZED_AUTOS = YES_AGGRESSIVE;
				GCC_WARN_UNUSED_FUNCTION = YES;
				GCC_WARN_UNUSED_VARIABLE = YES;
				IPHONEOS_DEPLOYMENT_TARGET = 26.4;
				LOCALIZATION_PREFERS_STRING_CATALOGS = YES;
				MTL_ENABLE_DEBUG_INFO = INCLUDE_SOURCE;
				MTL_FAST_MATH = YES;
				ONLY_ACTIVE_ARCH = YES;
				SDKROOT = iphoneos;
				SWIFT_ACTIVE_COMPILATION_CONDITIONS = "DEBUG $(inherited)";
				SWIFT_OPTIMIZATION_LEVEL = "-Onone";
			};
			name = Debug;
		};
		1338C1D12FA8E4E200875B9B /* Release */ = {
			isa = XCBuildConfiguration;
			buildSettings = {
				ALWAYS_SEARCH_USER_PATHS = NO;
				ASSETCATALOG_COMPILER_GENERATE_SWIFT_ASSET_SYMBOL_EXTENSIONS = YES;
				CLANG_ANALYZER_NONNULL = YES;
				CLANG_ANALYZER_NUMBER_OBJECT_CONVERSION = YES_AGGRESSIVE;
				CLANG_CXX_LANGUAGE_STANDARD = "gnu++20";
				CLANG_ENABLE_MODULES = YES;
				CLANG_ENABLE_OBJC_ARC = YES;
				CLANG_ENABLE_OBJC_WEAK = YES;
				CLANG_WARN_BLOCK_CAPTURE_AUTORELEASING = YES;
				CLANG_WARN_BOOL_CONVERSION = YES;
				CLANG_WARN_COMMA = YES;
				CLANG_WARN_CONSTANT_CONVERSION = YES;
				CLANG_WARN_DEPRECATED_OBJC_IMPLEMENTATIONS = YES;
				CLANG_WARN_DIRECT_OBJC_ISA_USAGE = YES_ERROR;
				CLANG_WARN_DOCUMENTATION_COMMENTS = YES;
				CLANG_WARN_EMPTY_BODY = YES;
				CLANG_WARN_ENUM_CONVERSION = YES;
				CLANG_WARN_INFINITE_RECURSION = YES;
				CLANG_WARN_INT_CONVERSION = YES;
				CLANG_WARN_NON_LITERAL_NULL_CONVERSION = YES;
				CLANG_WARN_OBJC_IMPLICIT_RETAIN_SELF = YES;
				CLANG_WARN_OBJC_LITERAL_CONVERSION = YES;
				CLANG_WARN_OBJC_ROOT_CLASS = YES_ERROR;
				CLANG_WARN_QUOTED_INCLUDE_IN_FRAMEWORK_HEADER = YES;
				CLANG_WARN_RANGE_LOOP_ANALYSIS = YES;
				CLANG_WARN_STRICT_PROTOTYPES = YES;
				CLANG_WARN_SUSPICIOUS_MOVE = YES;
				CLANG_WARN_UNGUARDED_AVAILABILITY = YES_AGGRESSIVE;
				CLANG_WARN_UNREACHABLE_CODE = YES;
				CLANG_WARN__DUPLICATE_METHOD_MATCH = YES;
				COPY_PHASE_STRIP = NO;
				DEBUG_INFORMATION_FORMAT = "dwarf-with-dsym";
				DEVELOPMENT_TEAM = HPSF3D2F4U;
				ENABLE_NS_ASSERTIONS = NO;
				ENABLE_STRICT_OBJC_MSGSEND = YES;
				ENABLE_USER_SCRIPT_SANDBOXING = NO;
				GCC_C_LANGUAGE_STANDARD = gnu17;
				GCC_NO_COMMON_BLOCKS = YES;
				GCC_WARN_64_TO_32_BIT_CONVERSION = YES;
				GCC_WARN_ABOUT_RETURN_TYPE = YES_ERROR;
				GCC_WARN_UNDECLARED_SELECTOR = YES;
				GCC_WARN_UNINITIALIZED_AUTOS = YES_AGGRESSIVE;
				GCC_WARN_UNUSED_FUNCTION = YES;
				GCC_WARN_UNUSED_VARIABLE = YES;
				IPHONEOS_DEPLOYMENT_TARGET = 26.4;
				LOCALIZATION_PREFERS_STRING_CATALOGS = YES;
				MTL_ENABLE_DEBUG_INFO = NO;
				MTL_FAST_MATH = YES;
				SDKROOT = iphoneos;
				SWIFT_COMPILATION_MODE = wholemodule;
				VALIDATE_PRODUCT = YES;
			};
			name = Release;
		};
		1338C1D32FA8E4E200875B9B /* Debug */ = {
			isa = XCBuildConfiguration;
			buildSettings = {
				BUNDLE_LOADER = "$(TEST_HOST)";
				CODE_SIGN_STYLE = Automatic;
				CURRENT_PROJECT_VERSION = 3075;
				DEVELOPMENT_TEAM = HPSF3D2F4U;
				GENERATE_INFOPLIST_FILE = YES;
				IPHONEOS_DEPLOYMENT_TARGET = 26.4;
				MARKETING_VERSION = 1.0;
				PRODUCT_BUNDLE_IDENTIFIER = "com.nscoding.Greek-RadioTests";
				PRODUCT_NAME = "$(TARGET_NAME)";
				STRING_CATALOG_GENERATE_SYMBOLS = NO;
				SWIFT_APPROACHABLE_CONCURRENCY = YES;
				SWIFT_EMIT_LOC_STRINGS = NO;
				SWIFT_UPCOMING_FEATURE_MEMBER_IMPORT_VISIBILITY = YES;
				SWIFT_VERSION = 5.0;
				TARGETED_DEVICE_FAMILY = "1,2";
				TEST_HOST = "$(BUILT_PRODUCTS_DIR)/Greek Radio.app/$(BUNDLE_EXECUTABLE_FOLDER_PATH)/Greek Radio";
			};
			name = Debug;
		};
		1338C1D42FA8E4E200875B9B /* Release */ = {
			isa = XCBuildConfiguration;
			buildSettings = {
				BUNDLE_LOADER = "$(TEST_HOST)";
				CODE_SIGN_STYLE = Automatic;
				CURRENT_PROJECT_VERSION = 3075;
				DEVELOPMENT_TEAM = HPSF3D2F4U;
				GENERATE_INFOPLIST_FILE = YES;
				IPHONEOS_DEPLOYMENT_TARGET = 26.4;
				MARKETING_VERSION = 1.0;
				PRODUCT_BUNDLE_IDENTIFIER = "com.nscoding.Greek-RadioTests";
				PRODUCT_NAME = "$(TARGET_NAME)";
				STRING_CATALOG_GENERATE_SYMBOLS = NO;
				SWIFT_APPROACHABLE_CONCURRENCY = YES;
				SWIFT_EMIT_LOC_STRINGS = NO;
				SWIFT_UPCOMING_FEATURE_MEMBER_IMPORT_VISIBILITY = YES;
				SWIFT_VERSION = 5.0;
				TARGETED_DEVICE_FAMILY = "1,2";
				TEST_HOST = "$(BUILT_PRODUCTS_DIR)/Greek Radio.app/$(BUNDLE_EXECUTABLE_FOLDER_PATH)/Greek Radio";
			};
			name = Release;
		};
		1338C1D62FA8E4E200875B9B /* Debug */ = {
			isa = XCBuildConfiguration;
			buildSettings = {
				CODE_SIGN_STYLE = Automatic;
				CURRENT_PROJECT_VERSION = 3075;
				DEVELOPMENT_TEAM = HPSF3D2F4U;
				GENERATE_INFOPLIST_FILE = YES;
				MARKETING_VERSION = 1.0;
				PRODUCT_BUNDLE_IDENTIFIER = "com.nscoding.Greek-RadioUITests";
				PRODUCT_NAME = "$(TARGET_NAME)";
				STRING_CATALOG_GENERATE_SYMBOLS = NO;
				SWIFT_APPROACHABLE_CONCURRENCY = YES;
				SWIFT_EMIT_LOC_STRINGS = NO;
				SWIFT_UPCOMING_FEATURE_MEMBER_IMPORT_VISIBILITY = YES;
				SWIFT_VERSION = 5.0;
				TARGETED_DEVICE_FAMILY = "1,2";
				TEST_TARGET_NAME = "Greek Radio";
			};
			name = Debug;
		};
		1338C1D72FA8E4E200875B9B /* Release */ = {
			isa = XCBuildConfiguration;
			buildSettings = {
				CODE_SIGN_STYLE = Automatic;
				CURRENT_PROJECT_VERSION = 3075;
				DEVELOPMENT_TEAM = HPSF3D2F4U;
				GENERATE_INFOPLIST_FILE = YES;
				MARKETING_VERSION = 1.0;
				PRODUCT_BUNDLE_IDENTIFIER = "com.nscoding.Greek-RadioUITests";
				PRODUCT_NAME = "$(TARGET_NAME)";
				STRING_CATALOG_GENERATE_SYMBOLS = NO;
				SWIFT_APPROACHABLE_CONCURRENCY = YES;
				SWIFT_EMIT_LOC_STRINGS = NO;
				SWIFT_UPCOMING_FEATURE_MEMBER_IMPORT_VISIBILITY = YES;
				SWIFT_VERSION = 5.0;
				TARGETED_DEVICE_FAMILY = "1,2";
				TEST_TARGET_NAME = "Greek Radio";
			};
			name = Release;
		};
/* End XCBuildConfiguration section */

/* Begin XCConfigurationList section */
		1338C1A42FA8E4E100875B9B /* Build configuration list for PBXProject "Greek Radio" */ = {
			isa = XCConfigurationList;
			buildConfigurations = (
				1338C1D02FA8E4E200875B9B /* Debug */,
				1338C1D12FA8E4E200875B9B /* Release */,
			);
			defaultConfigurationIsVisible = 0;
			defaultConfigurationName = Release;
		};
		1338C1CD2FA8E4E200875B9B /* Build configuration list for PBXNativeTarget "Greek Radio" */ = {
			isa = XCConfigurationList;
			buildConfigurations = (
				1338C1CE2FA8E4E200875B9B /* Debug */,
				1338C1CF2FA8E4E200875B9B /* Release */,
			);
			defaultConfigurationIsVisible = 0;
			defaultConfigurationName = Release;
		};
		1338C1D22FA8E4E200875B9B /* Build configuration list for PBXNativeTarget "Greek RadioTests" */ = {
			isa = XCConfigurationList;
			buildConfigurations = (
				1338C1D32FA8E4E200875B9B /* Debug */,
				1338C1D42FA8E4E200875B9B /* Release */,
			);
			defaultConfigurationIsVisible = 0;
			defaultConfigurationName = Release;
		};
		1338C1D52FA8E4E200875B9B /* Build configuration list for PBXNativeTarget "Greek RadioUITests" */ = {
			isa = XCConfigurationList;
			buildConfigurations = (
				1338C1D62FA8E4E200875B9B /* Debug */,
				1338C1D72FA8E4E200875B9B /* Release */,
			);
			defaultConfigurationIsVisible = 0;
			defaultConfigurationName = Release;
		};
/* End XCConfigurationList section */

/* Begin XCRemoteSwiftPackageReference section */
		F14A5C722FF1000100875B9B /* XCRemoteSwiftPackageReference "supabase-swift" */ = {
			isa = XCRemoteSwiftPackageReference;
			repositoryURL = "https://github.com/supabase-community/supabase-swift";
			requirement = {
				kind = upToNextMajorVersion;
				minimumVersion = 2.37.0;
			};
		};
/* End XCRemoteSwiftPackageReference section */

/* Begin XCSwiftPackageProductDependency section */
		F14A5C732FF1000100875B9B /* Supabase */ = {
			isa = XCSwiftPackageProductDependency;
			package = F14A5C722FF1000100875B9B /* XCRemoteSwiftPackageReference "supabase-swift" */;
			productName = Supabase;
		};
/* End XCSwiftPackageProductDependency section */
	};
	rootObject = 1338C1A12FA8E4E100875B9B /* Project object */;
}
