// !$*UTF8*$!
{
	archiveVersion = 1;
	classes = {
	};
	objectVersion = 46;
	objects = {

/* Begin PBXBuildFile section */
		CD6AD36517312F5D0009A106 /* AudioStreamer.m in Sources */ = {isa = PBXBuildFile; fileRef = CD6AD36117312F5D0009A106 /* AudioStreamer.m */; settings = {COMPILER_FLAGS = "-fno-objc-arc"; }; };
		CD6AD36617312F5D0009A106 /* libTestFlight.a in Frameworks */ = {isa = PBXBuildFile; fileRef = CD6AD36317312F5D0009A106 /* libTestFlight.a */; };
		CD6AD36817312F7E0009A106 /* CFNetwork.framework in Frameworks */ = {isa = PBXBuildFile; fileRef = CD6AD36717312F7E0009A106 /* CFNetwork.framework */; };
		CD6AD36A17312F8B0009A106 /* AudioToolbox.framework in Frameworks */ = {isa = PBXBuildFile; fileRef = CD6AD36917312F8B0009A106 /* AudioToolbox.framework */; };
		CD7A017C17327591003A2E2D /* GRStationCellView.xib in Resources */ = {isa = PBXBuildFile; fileRef = CD7A017B17327591003A2E2D /* GRStationCellView.xib */; };
		CD7A018017327764003A2E2D /* GRWoodNavigationBar.m in Sources */ = {isa = PBXBuildFile; fileRef = CD7A017F17327764003A2E2D /* GRWoodNavigationBar.m */; };
		CD7A018417327799003A2E2D /* GRWoodHeader.png in Resources */ = {isa = PBXBuildFile; fileRef = CD7A018217327799003A2E2D /* GRWoodHeader.png */; };
		CD7A018517327799003A2E2D /* GRWoodHeader@2x.png in Resources */ = {isa = PBXBuildFile; fileRef = CD7A018317327799003A2E2D /* GRWoodHeader@2x.png */; };
		CD7A018B17327ADD003A2E2D /* GRViewController.m in Sources */ = {isa = PBXBuildFile; fileRef = CD7A018917327ADD003A2E2D /* GRViewController.m */; };
		CD7A018C17327ADD003A2E2D /* GRViewController.xib in Resources */ = {isa = PBXBuildFile; fileRef = CD7A018A17327ADD003A2E2D /* GRViewController.xib */; };
		CD7A019017327AF4003A2E2D /* GRPlayerViewController.m in Sources */ = {isa = PBXBuildFile; fileRef = CD7A018E17327AF4003A2E2D /* GRPlayerViewController.m */; };
		CD7A019117327AF4003A2E2D /* GRPlayerViewController.xib in Resources */ = {isa = PBXBuildFile; fileRef = CD7A018F17327AF4003A2E2D /* GRPlayerViewController.xib */; };
		CDA752DD173044EE005B25EC /* icon57x57.png in Resources */ = {isa = PBXBuildFile; fileRef = CDA752DB173044EE005B25EC /* icon57x57.png */; };
		CDA752DE173044EE005B25EC /* icon114x114.png in Resources */ = {isa = PBXBuildFile; fileRef = CDA752DC173044EE005B25EC /* icon114x114.png */; };
		CDA752E01730451E005B25EC /* libz.dylib in Frameworks */ = {isa = PBXBuildFile; fileRef = CDA752DF1730451E005B25EC /* libz.dylib */; };
		CDA752E8173049A0005B25EC /* GRWebService.m in Sources */ = {isa = PBXBuildFile; fileRef = CDA752E7173049A0005B25EC /* GRWebService.m */; };
		CDA752EF1730548F005B25EC /* GRCoreDataStack.m in Sources */ = {isa = PBXBuildFile; fileRef = CDA752EE1730548F005B25EC /* GRCoreDataStack.m */; };
		CDA752F1173055DA005B25EC /* CoreData.framework in Frameworks */ = {isa = PBXBuildFile; fileRef = CDA752F0173055DA005B25EC /* CoreData.framework */; };
		CDA752FE1730573C005B25EC /* GRStationsDAO.m in Sources */ = {isa = PBXBuildFile; fileRef = CDA752FD1730573C005B25EC /* GRStationsDAO.m */; };
		CDA75307173058DE005B25EC /* GreekRadioModel.xcdatamodeld in Sources */ = {isa = PBXBuildFile; fileRef = CDA75305173058DE005B25EC /* GreekRadioModel.xcdatamodeld */; };
		CDA7531017305B52005B25EC /* GRStation.m in Sources */ = {isa = PBXBuildFile; fileRef = CDA7530F17305B52005B25EC /* GRStation.m */; };
		CDA75351173070A6005B25EC /* GRStationCellView.m in Sources */ = {isa = PBXBuildFile; fileRef = CDA75350173070A6005B25EC /* GRStationCellView.m */; };
		CDE43A7F17303DD5004C0698 /* UIKit.framework in Frameworks */ = {isa = PBXBuildFile; fileRef = CDE43A7E17303DD5004C0698 /* UIKit.framework */; };
		CDE43A8117303DD5004C0698 /* Foundation.framework in Frameworks */ = {isa = PBXBuildFile; fileRef = CDE43A8017303DD5004C0698 /* Foundation.framework */; };
		CDE43A8317303DD5004C0698 /* CoreGraphics.framework in Frameworks */ = {isa = PBXBuildFile; fileRef = CDE43A8217303DD5004C0698 /* CoreGraphics.framework */; };
		CDE43A8B17303DD5004C0698 /* main.m in Sources */ = {isa = PBXBuildFile; fileRef = CDE43A8A17303DD5004C0698 /* main.m */; };
		CDE43AA217303F54004C0698 /* InfoPlist.strings in Resources */ = {isa = PBXBuildFile; fileRef = CDE43AA117303F54004C0698 /* InfoPlist.strings */; };
		CDE43AB117303F5B004C0698 /* Default-568h@2x.png in Resources */ = {isa = PBXBuildFile; fileRef = CDE43AA517303F5B004C0698 /* Default-568h@2x.png */; };
		CDE43AB217303F5B004C0698 /* Default.png in Resources */ = {isa = PBXBuildFile; fileRef = CDE43AA617303F5B004C0698 /* Default.png */; };
		CDE43AB317303F5B004C0698 /* Default@2x.png in Resources */ = {isa = PBXBuildFile; fileRef = CDE43AA717303F5B004C0698 /* Default@2x.png */; };
		CDE43AB417303F5B004C0698 /* GRAppDelegate.m in Sources */ = {isa = PBXBuildFile; fileRef = CDE43AAB17303F5B004C0698 /* GRAppDelegate.m */; };
/* End PBXBuildFile section */

/* Begin PBXFileReference section */
		CD6AD36017312F5D0009A106 /* AudioStreamer.h */ = {isa = PBXFileReference; fileEncoding = 4; lastKnownFileType = sourcecode.c.h; path = AudioStreamer.h; sourceTree = "<group>"; };
		CD6AD36117312F5D0009A106 /* AudioStreamer.m */ = {isa = PBXFileReference; fileEncoding = 4; lastKnownFileType = sourcecode.c.objc; path = AudioStreamer.m; sourceTree = "<group>"; };
		CD6AD36317312F5D0009A106 /* libTestFlight.a */ = {isa = PBXFileReference; lastKnownFileType = archive.ar; path = libTestFlight.a; sourceTree = "<group>"; };
		CD6AD36417312F5D0009A106 /* TestFlight.h */ = {isa = PBXFileReference; fileEncoding = 4; lastKnownFileType = sourcecode.c.h; path = TestFlight.h; sourceTree = "<group>"; };
		CD6AD36717312F7E0009A106 /* CFNetwork.framework */ = {isa = PBXFileReference; lastKnownFileType = wrapper.framework; name = CFNetwork.framework; path = System/Library/Frameworks/CFNetwork.framework; sourceTree = SDKROOT; };
		CD6AD36917312F8B0009A106 /* AudioToolbox.framework */ = {isa = PBXFileReference; lastKnownFileType = wrapper.framework; name = AudioToolbox.framework; path = System/Library/Frameworks/AudioToolbox.framework; sourceTree = SDKROOT; };
		CD7A017B17327591003A2E2D /* GRStationCellView.xib */ = {isa = PBXFileReference; fileEncoding = 4; lastKnownFileType = file.xib; name = GRStationCellView.xib; path = Cells/GRStationCellView.xib; sourceTree = "<group>"; };
		CD7A017E17327764003A2E2D /* GRWoodNavigationBar.h */ = {isa = PBXFileReference; fileEncoding = 4; lastKnownFileType = sourcecode.c.h; path = GRWoodNavigationBar.h; sourceTree = "<group>"; };
		CD7A017F17327764003A2E2D /* GRWoodNavigationBar.m */ = {isa = PBXFileReference; fileEncoding = 4; lastKnownFileType = sourcecode.c.objc; path = GRWoodNavigationBar.m; sourceTree = "<group>"; };
		CD7A018217327799003A2E2D /* GRWoodHeader.png */ = {isa = PBXFileReference; lastKnownFileType = image.png; path = GRWoodHeader.png; sourceTree = "<group>"; };
		CD7A018317327799003A2E2D /* GRWoodHeader@2x.png */ = {isa = PBXFileReference; lastKnownFileType = image.png; path = "GRWoodHeader@2x.png"; sourceTree = "<group>"; };
		CD7A018817327ADD003A2E2D /* GRViewController.h */ = {isa = PBXFileReference; fileEncoding = 4; lastKnownFileType = sourcecode.c.h; path = GRViewController.h; sourceTree = "<group>"; };
		CD7A018917327ADD003A2E2D /* GRViewController.m */ = {isa = PBXFileReference; fileEncoding = 4; lastKnownFileType = sourcecode.c.objc; path = GRViewController.m; sourceTree = "<group>"; };
		CD7A018A17327ADD003A2E2D /* GRViewController.xib */ = {isa = PBXFileReference; fileEncoding = 4; lastKnownFileType = file.xib; path = GRViewController.xib; sourceTree = "<group>"; };
		CD7A018D17327AF4003A2E2D /* GRPlayerViewController.h */ = {isa = PBXFileReference; fileEncoding = 4; lastKnownFileType = sourcecode.c.h; path = GRPlayerViewController.h; sourceTree = "<group>"; };
		CD7A018E17327AF4003A2E2D /* GRPlayerViewController.m */ = {isa = PBXFileReference; fileEncoding = 4; lastKnownFileType = sourcecode.c.objc; path = GRPlayerViewController.m; sourceTree = "<group>"; };
		CD7A018F17327AF4003A2E2D /* GRPlayerViewController.xib */ = {isa = PBXFileReference; fileEncoding = 4; lastKnownFileType = file.xib; path = GRPlayerViewController.xib; sourceTree = "<group>"; };
		CDA752DB173044EE005B25EC /* icon57x57.png */ = {isa = PBXFileReference; lastKnownFileType = image.png; path = icon57x57.png; sourceTree = "<group>"; };
		CDA752DC173044EE005B25EC /* icon114x114.png */ = {isa = PBXFileReference; lastKnownFileType = image.png; path = icon114x114.png; sourceTree = "<group>"; };
		CDA752DF1730451E005B25EC /* libz.dylib */ = {isa = PBXFileReference; lastKnownFileType = "compiled.mach-o.dylib"; name = libz.dylib; path = usr/lib/libz.dylib; sourceTree = SDKROOT; };
		CDA752E6173049A0005B25EC /* GRWebService.h */ = {isa = PBXFileReference; fileEncoding = 4; lastKnownFileType = sourcecode.c.h; path = GRWebService.h; sourceTree = "<group>"; };
		CDA752E7173049A0005B25EC /* GRWebService.m */ = {isa = PBXFileReference; fileEncoding = 4; lastKnownFileType = sourcecode.c.objc; path = GRWebService.m; sourceTree = "<group>"; };
		CDA752ED1730548F005B25EC /* GRCoreDataStack.h */ = {isa = PBXFileReference; fileEncoding = 4; lastKnownFileType = sourcecode.c.h; path = GRCoreDataStack.h; sourceTree = "<group>"; };
		CDA752EE1730548F005B25EC /* GRCoreDataStack.m */ = {isa = PBXFileReference; fileEncoding = 4; lastKnownFileType = sourcecode.c.objc; path = GRCoreDataStack.m; sourceTree = "<group>"; };
		CDA752F0173055DA005B25EC /* CoreData.framework */ = {isa = PBXFileReference; lastKnownFileType = wrapper.framework; name = CoreData.framework; path = System/Library/Frameworks/CoreData.framework; sourceTree = SDKROOT; };
		CDA752FC1730573C005B25EC /* GRStationsDAO.h */ = {isa = PBXFileReference; fileEncoding = 4; lastKnownFileType = sourcecode.c.h; path = GRStationsDAO.h; sourceTree = "<group>"; };
		CDA752FD1730573C005B25EC /* GRStationsDAO.m */ = {isa = PBXFileReference; fileEncoding = 4; lastKnownFileType = sourcecode.c.objc; path = GRStationsDAO.m; sourceTree = "<group>"; };
		CDA75306173058DE005B25EC /* GreekRadioModel.xcdatamodel */ = {isa = PBXFileReference; lastKnownFileType = wrapper.xcdatamodel; path = GreekRadioModel.xcdatamodel; sourceTree = "<group>"; };
		CDA7530E17305B52005B25EC /* GRStation.h */ = {isa = PBXFileReference; fileEncoding = 4; lastKnownFileType = sourcecode.c.h; path = GRStation.h; sourceTree = "<group>"; };
		CDA7530F17305B52005B25EC /* GRStation.m */ = {isa = PBXFileReference; fileEncoding = 4; lastKnownFileType = sourcecode.c.objc; path = GRStation.m; sourceTree = "<group>"; };
		CDA7534F173070A6005B25EC /* GRStationCellView.h */ = {isa = PBXFileReference; fileEncoding = 4; lastKnownFileType = sourcecode.c.h; name = GRStationCellView.h; path = Cells/GRStationCellView.h; sourceTree = "<group>"; };
		CDA75350173070A6005B25EC /* GRStationCellView.m */ = {isa = PBXFileReference; fileEncoding = 4; lastKnownFileType = sourcecode.c.objc; name = GRStationCellView.m; path = Cells/GRStationCellView.m; sourceTree = "<group>"; };
		CDE43A7B17303DD5004C0698 /* Greek Radio.app */ = {isa = PBXFileReference; explicitFileType = wrapper.application; includeInIndex = 0; path = "Greek Radio.app"; sourceTree = BUILT_PRODUCTS_DIR; };
		CDE43A7E17303DD5004C0698 /* UIKit.framework */ = {isa = PBXFileReference; lastKnownFileType = wrapper.framework; name = UIKit.framework; path = System/Library/Frameworks/UIKit.framework; sourceTree = SDKROOT; };
		CDE43A8017303DD5004C0698 /* Foundation.framework */ = {isa = PBXFileReference; lastKnownFileType = wrapper.framework; name = Foundation.framework; path = System/Library/Frameworks/Foundation.framework; sourceTree = SDKROOT; };
		CDE43A8217303DD5004C0698 /* CoreGraphics.framework */ = {isa = PBXFileReference; lastKnownFileType = wrapper.framework; name = CoreGraphics.framework; path = System/Library/Frameworks/CoreGraphics.framework; sourceTree = SDKROOT; };
		CDE43A8617303DD5004C0698 /* Greek Radio-Info.plist */ = {isa = PBXFileReference; lastKnownFileType = text.plist.xml; path = "Greek Radio-Info.plist"; sourceTree = "<group>"; };
		CDE43A8A17303DD5004C0698 /* main.m */ = {isa = PBXFileReference; lastKnownFileType = sourcecode.c.objc; path = main.m; sourceTree = "<group>"; };
		CDE43A8C17303DD5004C0698 /* Greek Radio-Prefix.pch */ = {isa = PBXFileReference; lastKnownFileType = sourcecode.c.h; path = "Greek Radio-Prefix.pch"; sourceTree = "<group>"; };
		CDE43AA117303F54004C0698 /* InfoPlist.strings */ = {isa = PBXFileReference; fileEncoding = 4; lastKnownFileType = text.plist.strings; path = InfoPlist.strings; sourceTree = "<group>"; };
		CDE43AA517303F5B004C0698 /* Default-568h@2x.png */ = {isa = PBXFileReference; lastKnownFileType = image.png; path = "Default-568h@2x.png"; sourceTree = "<group>"; };
		CDE43AA617303F5B004C0698 /* Default.png */ = {isa = PBXFileReference; lastKnownFileType = image.png; path = Default.png; sourceTree = "<group>"; };
		CDE43AA717303F5B004C0698 /* Default@2x.png */ = {isa = PBXFileReference; lastKnownFileType = image.png; path = "Default@2x.png"; sourceTree = "<group>"; };
		CDE43AAA17303F5B004C0698 /* GRAppDelegate.h */ = {isa = PBXFileReference; fileEncoding = 4; lastKnownFileType = sourcecode.c.h; path = GRAppDelegate.h; sourceTree = "<group>"; };
		CDE43AAB17303F5B004C0698 /* GRAppDelegate.m */ = {isa = PBXFileReference; fileEncoding = 4; lastKnownFileType = sourcecode.c.objc; path = GRAppDelegate.m; sourceTree = "<group>"; };
/* End PBXFileReference section */

/* Begin PBXFrameworksBuildPhase section */
		CDE43A7817303DD5004C0698 /* Frameworks */ = {
			isa = PBXFrameworksBuildPhase;
			buildActionMask = 2147483647;
			files = (
				CD6AD36A17312F8B0009A106 /* AudioToolbox.framework in Frameworks */,
				CD6AD36817312F7E0009A106 /* CFNetwork.framework in Frameworks */,
				CDA752F1173055DA005B25EC /* CoreData.framework in Frameworks */,
				CDA752E01730451E005B25EC /* libz.dylib in Frameworks */,
				CDE43A7F17303DD5004C0698 /* UIKit.framework in Frameworks */,
				CDE43A8117303DD5004C0698 /* Foundation.framework in Frameworks */,
				CDE43A8317303DD5004C0698 /* CoreGraphics.framework in Frameworks */,
				CD6AD36617312F5D0009A106 /* libTestFlight.a in Frameworks */,
			);
			runOnlyForDeploymentPostprocessing = 0;
		};
/* End PBXFrameworksBuildPhase section */

/* Begin PBXGroup section */
		CD6AD35F17312F5D0009A106 /* Audio Streamer */ = {
			isa = PBXGroup;
			children = (
				CD6AD36017312F5D0009A106 /* AudioStreamer.h */,
				CD6AD36117312F5D0009A106 /* AudioStreamer.m */,
			);
			path = "Audio Streamer";
			sourceTree = "<group>";
		};
		CD6AD36217312F5D0009A106 /* TestFlight */ = {
			isa = PBXGroup;
			children = (
				CD6AD36317312F5D0009A106 /* libTestFlight.a */,
				CD6AD36417312F5D0009A106 /* TestFlight.h */,
			);
			path = TestFlight;
			sourceTree = "<group>";
		};
		CD7A017D1732774F003A2E2D /* Helpers */ = {
			isa = PBXGroup;
			children = (
				CD7A017E17327764003A2E2D /* GRWoodNavigationBar.h */,
				CD7A017F17327764003A2E2D /* GRWoodNavigationBar.m */,
			);
			path = Helpers;
			sourceTree = "<group>";
		};
		CD7A018117327799003A2E2D /* Toolbar */ = {
			isa = PBXGroup;
			children = (
				CD7A018217327799003A2E2D /* GRWoodHeader.png */,
				CD7A018317327799003A2E2D /* GRWoodHeader@2x.png */,
			);
			path = Toolbar;
			sourceTree = "<group>";
		};
		CD7A018617327AC7003A2E2D /* Player */ = {
			isa = PBXGroup;
			children = (
				CD7A018D17327AF4003A2E2D /* GRPlayerViewController.h */,
				CD7A018E17327AF4003A2E2D /* GRPlayerViewController.m */,
				CD7A018F17327AF4003A2E2D /* GRPlayerViewController.xib */,
			);
			path = Player;
			sourceTree = "<group>";
		};
		CD7A018717327ADD003A2E2D /* Station List */ = {
			isa = PBXGroup;
			children = (
				CD7A018817327ADD003A2E2D /* GRViewController.h */,
				CD7A018917327ADD003A2E2D /* GRViewController.m */,
				CD7A018A17327ADD003A2E2D /* GRViewController.xib */,
			);
			path = "Station List";
			sourceTree = "<group>";
		};
		CDA752E5173049A0005B25EC /* Web Service */ = {
			isa = PBXGroup;
			children = (
				CDA752E6173049A0005B25EC /* GRWebService.h */,
				CDA752E7173049A0005B25EC /* GRWebService.m */,
			);
			path = "Web Service";
			sourceTree = "<group>";
		};
		CDA752EC17305471005B25EC /* Core Data */ = {
			isa = PBXGroup;
			children = (
				CDA752ED1730548F005B25EC /* GRCoreDataStack.h */,
				CDA752EE1730548F005B25EC /* GRCoreDataStack.m */,
				CDA752FC1730573C005B25EC /* GRStationsDAO.h */,
				CDA752FD1730573C005B25EC /* GRStationsDAO.m */,
				CDA75305173058DE005B25EC /* GreekRadioModel.xcdatamodeld */,
				CDA7530E17305B52005B25EC /* GRStation.h */,
				CDA7530F17305B52005B25EC /* GRStation.m */,
			);
			path = "Core Data";
			sourceTree = "<group>";
		};
		CDA7534E17306A56005B25EC /* Cells */ = {
			isa = PBXGroup;
			children = (
				CD7A017B17327591003A2E2D /* GRStationCellView.xib */,
				CDA7534F173070A6005B25EC /* GRStationCellView.h */,
				CDA75350173070A6005B25EC /* GRStationCellView.m */,
			);
			name = Cells;
			sourceTree = "<group>";
		};
		CDE43A7217303DD4004C0698 = {
			isa = PBXGroup;
			children = (
				CDE43A8417303DD5004C0698 /* Greek Radio */,
				CDE43A7D17303DD5004C0698 /* Frameworks */,
				CDA752DC173044EE005B25EC /* icon114x114.png */,
				CDA752DB173044EE005B25EC /* icon57x57.png */,
				CDE43A7C17303DD5004C0698 /* Products */,
			);
			sourceTree = "<group>";
		};
		CDE43A7C17303DD5004C0698 /* Products */ = {
			isa = PBXGroup;
			children = (
				CDE43A7B17303DD5004C0698 /* Greek Radio.app */,
			);
			name = Products;
			sourceTree = "<group>";
		};
		CDE43A7D17303DD5004C0698 /* Frameworks */ = {
			isa = PBXGroup;
			children = (
				CDE43A7E17303DD5004C0698 /* UIKit.framework */,
				CDE43A8017303DD5004C0698 /* Foundation.framework */,
				CDE43A8217303DD5004C0698 /* CoreGraphics.framework */,
			);
			name = Frameworks;
			sourceTree = "<group>";
		};
		CDE43A8417303DD5004C0698 /* Greek Radio */ = {
			isa = PBXGroup;
			children = (
				CDE43AA317303F5B004C0698 /* Assets */,
				CDE43AA817303F5B004C0698 /* Classes */,
				CDE43AB9173041B8004C0698 /* Libraries */,
				CDE43AAC17303F5B004C0698 /* Views */,
				CDE43A8517303DD5004C0698 /* Supporting Files */,
			);
			path = "Greek Radio";
			sourceTree = "<group>";
		};
		CDE43A8517303DD5004C0698 /* Supporting Files */ = {
			isa = PBXGroup;
			children = (
				CDE43AA117303F54004C0698 /* InfoPlist.strings */,
				CDE43A8617303DD5004C0698 /* Greek Radio-Info.plist */,
				CDE43A8A17303DD5004C0698 /* main.m */,
				CDE43A8C17303DD5004C0698 /* Greek Radio-Prefix.pch */,
			);
			name = "Supporting Files";
			sourceTree = "<group>";
		};
		CDE43AA317303F5B004C0698 /* Assets */ = {
			isa = PBXGroup;
			children = (
				CDE43AA417303F5B004C0698 /* Defaults */,
				CD7A018117327799003A2E2D /* Toolbar */,
			);
			path = Assets;
			sourceTree = "<group>";
		};
		CDE43AA417303F5B004C0698 /* Defaults */ = {
			isa = PBXGroup;
			children = (
				CDE43AA517303F5B004C0698 /* Default-568h@2x.png */,
				CDE43AA617303F5B004C0698 /* Default.png */,
				CDE43AA717303F5B004C0698 /* Default@2x.png */,
			);
			path = Defaults;
			sourceTree = "<group>";
		};
		CDE43AA817303F5B004C0698 /* Classes */ = {
			isa = PBXGroup;
			children = (
				CDE43AA917303F5B004C0698 /* Application Delegate */,
				CDA752EC17305471005B25EC /* Core Data */,
				CDA752E5173049A0005B25EC /* Web Service */,
			);
			path = Classes;
			sourceTree = "<group>";
		};
		CDE43AA917303F5B004C0698 /* Application Delegate */ = {
			isa = PBXGroup;
			children = (
				CDE43AAA17303F5B004C0698 /* GRAppDelegate.h */,
				CDE43AAB17303F5B004C0698 /* GRAppDelegate.m */,
			);
			path = "Application Delegate";
			sourceTree = "<group>";
		};
		CDE43AAC17303F5B004C0698 /* Views */ = {
			isa = PBXGroup;
			children = (
				CD7A017D1732774F003A2E2D /* Helpers */,
				CDA7534E17306A56005B25EC /* Cells */,
				CD7A018717327ADD003A2E2D /* Station List */,
				CD7A018617327AC7003A2E2D /* Player */,
			);
			path = Views;
			sourceTree = "<group>";
		};
		CDE43AB9173041B8004C0698 /* Libraries */ = {
			isa = PBXGroup;
			children = (
				CD6AD36917312F8B0009A106 /* AudioToolbox.framework */,
				CDA752F0173055DA005B25EC /* CoreData.framework */,
				CD6AD36717312F7E0009A106 /* CFNetwork.framework */,
				CD6AD35F17312F5D0009A106 /* Audio Streamer */,
				CD6AD36217312F5D0009A106 /* TestFlight */,
				CDA752DF1730451E005B25EC /* libz.dylib */,
			);
			path = Libraries;
			sourceTree = "<group>";
		};
/* End PBXGroup section */

/* Begin PBXNativeTarget section */
		CDE43A7A17303DD5004C0698 /* Greek Radio */ = {
			isa = PBXNativeTarget;
			buildConfigurationList = CDE43A9E17303DD5004C0698 /* Build configuration list for PBXNativeTarget "Greek Radio" */;
			buildPhases = (
				CDE43A7717303DD5004C0698 /* Sources */,
				CDE43A7817303DD5004C0698 /* Frameworks */,
				CDE43A7917303DD5004C0698 /* Resources */,
			);
			buildRules = (
			);
			dependencies = (
			);
			name = "Greek Radio";
			productName = "Greek Radio";
			productReference = CDE43A7B17303DD5004C0698 /* Greek Radio.app */;
			productType = "com.apple.product-type.application";
		};
/* End PBXNativeTarget section */

/* Begin PBXProject section */
		CDE43A7317303DD5004C0698 /* Project object */ = {
			isa = PBXProject;
			attributes = {
				CLASSPREFIX = GR;
				LastUpgradeCheck = 0460;
				ORGANIZATIONNAME = "Patrick Chamelo - nscoding";
			};
			buildConfigurationList = CDE43A7617303DD5004C0698 /* Build configuration list for PBXProject "Greek Radio" */;
			compatibilityVersion = "Xcode 3.2";
			developmentRegion = English;
			hasScannedForEncodings = 0;
			knownRegions = (
				en,
			);
			mainGroup = CDE43A7217303DD4004C0698;
			productRefGroup = CDE43A7C17303DD5004C0698 /* Products */;
			projectDirPath = "";
			projectRoot = "";
			targets = (
				CDE43A7A17303DD5004C0698 /* Greek Radio */,
			);
		};
/* End PBXProject section */

/* Begin PBXResourcesBuildPhase section */
		CDE43A7917303DD5004C0698 /* Resources */ = {
			isa = PBXResourcesBuildPhase;
			buildActionMask = 2147483647;
			files = (
				CDE43AA217303F54004C0698 /* InfoPlist.strings in Resources */,
				CDE43AB117303F5B004C0698 /* Default-568h@2x.png in Resources */,
				CDE43AB217303F5B004C0698 /* Default.png in Resources */,
				CDE43AB317303F5B004C0698 /* Default@2x.png in Resources */,
				CDA752DD173044EE005B25EC /* icon57x57.png in Resources */,
				CDA752DE173044EE005B25EC /* icon114x114.png in Resources */,
				CD7A017C17327591003A2E2D /* GRStationCellView.xib in Resources */,
				CD7A018417327799003A2E2D /* GRWoodHeader.png in Resources */,
				CD7A018517327799003A2E2D /* GRWoodHeader@2x.png in Resources */,
				CD7A018C17327ADD003A2E2D /* GRViewController.xib in Resources */,
				CD7A019117327AF4003A2E2D /* GRPlayerViewController.xib in Resources */,
			);
			runOnlyForDeploymentPostprocessing = 0;
		};
/* End PBXResourcesBuildPhase section */

/* Begin PBXSourcesBuildPhase section */
		CDE43A7717303DD5004C0698 /* Sources */ = {
			isa = PBXSourcesBuildPhase;
			buildActionMask = 2147483647;
			files = (
				CDE43A8B17303DD5004C0698 /* main.m in Sources */,
				CDE43AB417303F5B004C0698 /* GRAppDelegate.m in Sources */,
				CDA752E8173049A0005B25EC /* GRWebService.m in Sources */,
				CDA752EF1730548F005B25EC /* GRCoreDataStack.m in Sources */,
				CDA752FE1730573C005B25EC /* GRStationsDAO.m in Sources */,
				CDA75307173058DE005B25EC /* GreekRadioModel.xcdatamodeld in Sources */,
				CDA7531017305B52005B25EC /* GRStation.m in Sources */,
				CDA75351173070A6005B25EC /* GRStationCellView.m in Sources */,
				CD6AD36517312F5D0009A106 /* AudioStreamer.m in Sources */,
				CD7A018017327764003A2E2D /* GRWoodNavigationBar.m in Sources */,
				CD7A018B17327ADD003A2E2D /* GRViewController.m in Sources */,
				CD7A019017327AF4003A2E2D /* GRPlayerViewController.m in Sources */,
			);
			runOnlyForDeploymentPostprocessing = 0;
		};
/* End PBXSourcesBuildPhase section */

/* Begin XCBuildConfiguration section */
		CDE43A9C17303DD5004C0698 /* Development */ = {
			isa = XCBuildConfiguration;
			buildSettings = {
				ALWAYS_SEARCH_USER_PATHS = NO;
				CLANG_CXX_LANGUAGE_STANDARD = "gnu++0x";
				CLANG_CXX_LIBRARY = "libc++";
				CLANG_ENABLE_OBJC_ARC = YES;
				CLANG_WARN_CONSTANT_CONVERSION = YES;
				CLANG_WARN_EMPTY_BODY = YES;
				CLANG_WARN_ENUM_CONVERSION = YES;
				CLANG_WARN_INT_CONVERSION = YES;
				CLANG_WARN__DUPLICATE_METHOD_MATCH = YES;
				"CODE_SIGN_IDENTITY[sdk=iphoneos*]" = "";
				COPY_PHASE_STRIP = NO;
				GCC_C_LANGUAGE_STANDARD = gnu99;
				GCC_DYNAMIC_NO_PIC = NO;
				GCC_OPTIMIZATION_LEVEL = 0;
				GCC_PREPROCESSOR_DEFINITIONS = (
					"DEBUG=1",
					"$(inherited)",
				);
				GCC_PREPROCESSOR_DEFINITIONS_NOT_USED_IN_PRECOMPS = "APPSTORE=0";
				GCC_SYMBOLS_PRIVATE_EXTERN = NO;
				GCC_WARN_ABOUT_RETURN_TYPE = YES;
				GCC_WARN_UNINITIALIZED_AUTOS = YES;
				GCC_WARN_UNUSED_VARIABLE = YES;
				IPHONEOS_DEPLOYMENT_TARGET = 5.0;
				ONLY_ACTIVE_ARCH = YES;
				SDKROOT = iphoneos;
			};
			name = Development;
		};
		CDE43A9D17303DD5004C0698 /* App Store */ = {
			isa = XCBuildConfiguration;
			buildSettings = {
				ALWAYS_SEARCH_USER_PATHS = NO;
				CLANG_CXX_LANGUAGE_STANDARD = "gnu++0x";
				CLANG_CXX_LIBRARY = "libc++";
				CLANG_ENABLE_OBJC_ARC = YES;
				CLANG_WARN_CONSTANT_CONVERSION = YES;
				CLANG_WARN_EMPTY_BODY = YES;
				CLANG_WARN_ENUM_CONVERSION = YES;
				CLANG_WARN_INT_CONVERSION = YES;
				CLANG_WARN__DUPLICATE_METHOD_MATCH = YES;
				"CODE_SIGN_IDENTITY[sdk=iphoneos*]" = "";
				COPY_PHASE_STRIP = YES;
				GCC_C_LANGUAGE_STANDARD = gnu99;
				GCC_PREPROCESSOR_DEFINITIONS_NOT_USED_IN_PRECOMPS = "APPSTORE=1";
				GCC_WARN_ABOUT_RETURN_TYPE = YES;
				GCC_WARN_UNINITIALIZED_AUTOS = YES;
				GCC_WARN_UNUSED_VARIABLE = YES;
				IPHONEOS_DEPLOYMENT_TARGET = 5.0;
				OTHER_CFLAGS = "-DNS_BLOCK_ASSERTIONS=1";
				SDKROOT = iphoneos;
				VALIDATE_PRODUCT = YES;
			};
			name = "App Store";
		};
		CDE43A9F17303DD5004C0698 /* Development */ = {
			isa = XCBuildConfiguration;
			buildSettings = {
				CODE_SIGN_IDENTITY = "iPhone Developer: Patrick CHAMELO (4S7SPYVR8G)";
				"CODE_SIGN_IDENTITY[sdk=iphoneos*]" = "iPhone Developer: Patrick CHAMELO (4S7SPYVR8G)";
				GCC_PRECOMPILE_PREFIX_HEADER = YES;
				GCC_PREFIX_HEADER = "Greek Radio/Greek Radio-Prefix.pch";
				INFOPLIST_FILE = "Greek Radio/Greek Radio-Info.plist";
				IPHONEOS_DEPLOYMENT_TARGET = 5.0;
				LIBRARY_SEARCH_PATHS = (
					"$(inherited)",
					"\"$(SRCROOT)/Greek Radio/Libraries\"",
					"\"$(SRCROOT)/Greek Radio/Libraries/TestFlight\"",
				);
				PRODUCT_NAME = "$(TARGET_NAME)";
				PROVISIONING_PROFILE = "CE7558F5-9EEA-40C0-BD99-CB02C530D2B3";
				"PROVISIONING_PROFILE[sdk=iphoneos*]" = "CE7558F5-9EEA-40C0-BD99-CB02C530D2B3";
				SDKROOT = iphoneos6.1;
				WRAPPER_EXTENSION = app;
			};
			name = Development;
		};
		CDE43AA017303DD5004C0698 /* App Store */ = {
			isa = XCBuildConfiguration;
			buildSettings = {
				CODE_SIGN_IDENTITY = "iPhone Distribution: Patrick CHAMELO";
				"CODE_SIGN_IDENTITY[sdk=iphoneos*]" = "iPhone Distribution: Patrick CHAMELO";
				GCC_PRECOMPILE_PREFIX_HEADER = YES;
				GCC_PREFIX_HEADER = "Greek Radio/Greek Radio-Prefix.pch";
				INFOPLIST_FILE = "Greek Radio/Greek Radio-Info.plist";
				IPHONEOS_DEPLOYMENT_TARGET = 5.0;
				LIBRARY_SEARCH_PATHS = (
					"$(inherited)",
					"\"$(SRCROOT)/Greek Radio/Libraries\"",
					"\"$(SRCROOT)/Greek Radio/Libraries/TestFlight\"",
				);
				PRODUCT_NAME = "$(TARGET_NAME)";
				PROVISIONING_PROFILE = "FA6C7B30-70A4-43AB-9168-2D66CC10C70A";
				"PROVISIONING_PROFILE[sdk=iphoneos*]" = "FA6C7B30-70A4-43AB-9168-2D66CC10C70A";
				SDKROOT = iphoneos6.1;
				WRAPPER_EXTENSION = app;
			};
			name = "App Store";
		};
		CDE43AB717303FA6004C0698 /* Adhoc */ = {
			isa = XCBuildConfiguration;
			buildSettings = {
				ALWAYS_SEARCH_USER_PATHS = NO;
				CLANG_CXX_LANGUAGE_STANDARD = "gnu++0x";
				CLANG_CXX_LIBRARY = "libc++";
				CLANG_ENABLE_OBJC_ARC = YES;
				CLANG_WARN_CONSTANT_CONVERSION = YES;
				CLANG_WARN_EMPTY_BODY = YES;
				CLANG_WARN_ENUM_CONVERSION = YES;
				CLANG_WARN_INT_CONVERSION = YES;
				CLANG_WARN__DUPLICATE_METHOD_MATCH = YES;
				"CODE_SIGN_IDENTITY[sdk=iphoneos*]" = "";
				COPY_PHASE_STRIP = YES;
				GCC_C_LANGUAGE_STANDARD = gnu99;
				GCC_PREPROCESSOR_DEFINITIONS_NOT_USED_IN_PRECOMPS = "APPSTORE=0";
				GCC_WARN_ABOUT_RETURN_TYPE = YES;
				GCC_WARN_UNINITIALIZED_AUTOS = YES;
				GCC_WARN_UNUSED_VARIABLE = YES;
				IPHONEOS_DEPLOYMENT_TARGET = 5.0;
				OTHER_CFLAGS = "-DNS_BLOCK_ASSERTIONS=1";
				SDKROOT = iphoneos;
				VALIDATE_PRODUCT = YES;
			};
			name = Adhoc;
		};
		CDE43AB817303FA6004C0698 /* Adhoc */ = {
			isa = XCBuildConfiguration;
			buildSettings = {
				CODE_SIGN_IDENTITY = "iPhone Distribution: Patrick CHAMELO";
				"CODE_SIGN_IDENTITY[sdk=iphoneos*]" = "iPhone Distribution: Patrick CHAMELO";
				GCC_PRECOMPILE_PREFIX_HEADER = YES;
				GCC_PREFIX_HEADER = "Greek Radio/Greek Radio-Prefix.pch";
				INFOPLIST_FILE = "Greek Radio/Greek Radio-Info.plist";
				IPHONEOS_DEPLOYMENT_TARGET = 5.0;
				LIBRARY_SEARCH_PATHS = (
					"$(inherited)",
					"\"$(SRCROOT)/Greek Radio/Libraries\"",
					"\"$(SRCROOT)/Greek Radio/Libraries/TestFlight\"",
				);
				PRODUCT_NAME = "$(TARGET_NAME)";
				PROVISIONING_PROFILE = "AF21A1D3-89D9-4D57-A578-889919129726";
				"PROVISIONING_PROFILE[sdk=iphoneos*]" = "AF21A1D3-89D9-4D57-A578-889919129726";
				SDKROOT = iphoneos6.1;
				WRAPPER_EXTENSION = app;
			};
			name = Adhoc;
		};
/* End XCBuildConfiguration section */

/* Begin XCConfigurationList section */
		CDE43A7617303DD5004C0698 /* Build configuration list for PBXProject "Greek Radio" */ = {
			isa = XCConfigurationList;
			buildConfigurations = (
				CDE43A9C17303DD5004C0698 /* Development */,
				CDE43A9D17303DD5004C0698 /* App Store */,
				CDE43AB717303FA6004C0698 /* Adhoc */,
			);
			defaultConfigurationIsVisible = 0;
			defaultConfigurationName = "App Store";
		};
		CDE43A9E17303DD5004C0698 /* Build configuration list for PBXNativeTarget "Greek Radio" */ = {
			isa = XCConfigurationList;
			buildConfigurations = (
				CDE43A9F17303DD5004C0698 /* Development */,
				CDE43AA017303DD5004C0698 /* App Store */,
				CDE43AB817303FA6004C0698 /* Adhoc */,
			);
			defaultConfigurationIsVisible = 0;
			defaultConfigurationName = "App Store";
		};
/* End XCConfigurationList section */

/* Begin XCVersionGroup section */
		CDA75305173058DE005B25EC /* GreekRadioModel.xcdatamodeld */ = {
			isa = XCVersionGroup;
			children = (
				CDA75306173058DE005B25EC /* GreekRadioModel.xcdatamodel */,
			);
			currentVersion = CDA75306173058DE005B25EC /* GreekRadioModel.xcdatamodel */;
			path = GreekRadioModel.xcdatamodeld;
			sourceTree = "<group>";
			versionGroupType = wrapper.xcdatamodel;
		};
/* End XCVersionGroup section */
	};
	rootObject = CDE43A7317303DD5004C0698 /* Project object */;
}
