// !$*UTF8*$!
{
	archiveVersion = 1;
	classes = {
	};
	objectVersion = 46;
	objects = {

/* Begin PBXBuildFile section */
		CD53C9521737A97900264230 /* Settings.bundle in Resources */ = {isa = PBXBuildFile; fileRef = CD53C9511737A97800264230 /* Settings.bundle */; };
		CD53C95D1737B0D400264230 /* .gitignore in Resources */ = {isa = PBXBuildFile; fileRef = CD53C9551737B0D400264230 /* .gitignore */; };
		CD53C95E1737B0D400264230 /* Appirater.m in Sources */ = {isa = PBXBuildFile; fileRef = CD53C9571737B0D400264230 /* Appirater.m */; };
		CD53C95F1737B0D400264230 /* AppiraterLocalizable.strings in Resources */ = {isa = PBXBuildFile; fileRef = CD53C9591737B0D400264230 /* AppiraterLocalizable.strings */; };
		CD53C9601737B0D400264230 /* README.md in Resources */ = {isa = PBXBuildFile; fileRef = CD53C95C1737B0D400264230 /* README.md */; };
		CD53C9631737B15800264230 /* StoreKit.framework in Frameworks */ = {isa = PBXBuildFile; fileRef = CD53C9621737B15800264230 /* StoreKit.framework */; };
		CD6AD36517312F5D0009A106 /* AudioStreamer.m in Sources */ = {isa = PBXBuildFile; fileRef = CD6AD36117312F5D0009A106 /* AudioStreamer.m */; settings = {COMPILER_FLAGS = "-fno-objc-arc"; }; };
		CD6AD36617312F5D0009A106 /* libTestFlight.a in Frameworks */ = {isa = PBXBuildFile; fileRef = CD6AD36317312F5D0009A106 /* libTestFlight.a */; };
		CD6AD36817312F7E0009A106 /* CFNetwork.framework in Frameworks */ = {isa = PBXBuildFile; fileRef = CD6AD36717312F7E0009A106 /* CFNetwork.framework */; };
		CD6AD36A17312F8B0009A106 /* AudioToolbox.framework in Frameworks */ = {isa = PBXBuildFile; fileRef = CD6AD36917312F8B0009A106 /* AudioToolbox.framework */; };
		CD7A017C17327591003A2E2D /* GRStationCellView.xib in Resources */ = {isa = PBXBuildFile; fileRef = CD7A017B17327591003A2E2D /* GRStationCellView.xib */; };
		CD7A018417327799003A2E2D /* GRWoodHeader.png in Resources */ = {isa = PBXBuildFile; fileRef = CD7A018217327799003A2E2D /* GRWoodHeader.png */; };
		CD7A018517327799003A2E2D /* GRWoodHeader@2x.png in Resources */ = {isa = PBXBuildFile; fileRef = CD7A018317327799003A2E2D /* GRWoodHeader@2x.png */; };
		CD7A018B17327ADD003A2E2D /* GRListTableViewController.m in Sources */ = {isa = PBXBuildFile; fileRef = CD7A018917327ADD003A2E2D /* GRListTableViewController.m */; };
		CD7A018C17327ADD003A2E2D /* GRListTableViewController.xib in Resources */ = {isa = PBXBuildFile; fileRef = CD7A018A17327ADD003A2E2D /* GRListTableViewController.xib */; };
		CD7A019017327AF4003A2E2D /* GRPlayerViewController.m in Sources */ = {isa = PBXBuildFile; fileRef = CD7A018E17327AF4003A2E2D /* GRPlayerViewController.m */; };
		CD7A019117327AF4003A2E2D /* GRPlayerViewController.xib in Resources */ = {isa = PBXBuildFile; fileRef = CD7A018F17327AF4003A2E2D /* GRPlayerViewController.xib */; };
		CD7A019917328DC2003A2E2D /* GRMicrophone.png in Resources */ = {isa = PBXBuildFile; fileRef = CD7A019717328DC2003A2E2D /* GRMicrophone.png */; };
		CD7A019A17328DC2003A2E2D /* GRMicrophone@2x.png in Resources */ = {isa = PBXBuildFile; fileRef = CD7A019817328DC2003A2E2D /* GRMicrophone@2x.png */; };
		CD7A019D17328E74003A2E2D /* GRSeparatorBottom@2x.png in Resources */ = {isa = PBXBuildFile; fileRef = CD7A019B17328E74003A2E2D /* GRSeparatorBottom@2x.png */; };
		CD7A019E17328E74003A2E2D /* GRSeparatorBottom.png in Resources */ = {isa = PBXBuildFile; fileRef = CD7A019C17328E74003A2E2D /* GRSeparatorBottom.png */; };
		CD7A020A173293D2003A2E2D /* GRNotificationCenter.m in Sources */ = {isa = PBXBuildFile; fileRef = CD7A0209173293D2003A2E2D /* GRNotificationCenter.m */; };
		CD7A021A17329980003A2E2D /* CKParagraphStyle.m in Sources */ = {isa = PBXBuildFile; fileRef = CD7A021117329980003A2E2D /* CKParagraphStyle.m */; };
		CD7A021B17329980003A2E2D /* CKRefreshArrowView.m in Sources */ = {isa = PBXBuildFile; fileRef = CD7A021317329980003A2E2D /* CKRefreshArrowView.m */; };
		CD7A021C17329980003A2E2D /* CKRefreshControl.m in Sources */ = {isa = PBXBuildFile; fileRef = CD7A021617329980003A2E2D /* CKRefreshControl.m */; };
		CD7A0223173299B0003A2E2D /* QuartzCore.framework in Frameworks */ = {isa = PBXBuildFile; fileRef = CD7A0222173299AF003A2E2D /* QuartzCore.framework */; };
		CD7A02531732B33B003A2E2D /* GRSplashViewController.m in Sources */ = {isa = PBXBuildFile; fileRef = CD7A02511732B33B003A2E2D /* GRSplashViewController.m */; };
		CD7A02541732B33B003A2E2D /* GRSplashViewController.xib in Resources */ = {isa = PBXBuildFile; fileRef = CD7A02521732B33B003A2E2D /* GRSplashViewController.xib */; };
		CD7A02631732BDD1003A2E2D /* GRPaperBackground.png in Resources */ = {isa = PBXBuildFile; fileRef = CD7A02611732BDD0003A2E2D /* GRPaperBackground.png */; };
		CD7A02641732BDD1003A2E2D /* GRPaperBackground@2x.png in Resources */ = {isa = PBXBuildFile; fileRef = CD7A02621732BDD1003A2E2D /* GRPaperBackground@2x.png */; };
		CD7A02711732C177003A2E2D /* BlockActionSheet.m in Sources */ = {isa = PBXBuildFile; fileRef = CD7A02671732C177003A2E2D /* BlockActionSheet.m */; settings = {COMPILER_FLAGS = "-fno-objc-arc"; }; };
		CD7A02721732C177003A2E2D /* BlockAlertView.m in Sources */ = {isa = PBXBuildFile; fileRef = CD7A02691732C177003A2E2D /* BlockAlertView.m */; settings = {COMPILER_FLAGS = "-fno-objc-arc"; }; };
		CD7A02731732C177003A2E2D /* BlockBackground.m in Sources */ = {isa = PBXBuildFile; fileRef = CD7A026B1732C177003A2E2D /* BlockBackground.m */; settings = {COMPILER_FLAGS = "-fno-objc-arc"; }; };
		CD7A02741732C177003A2E2D /* BlockTableAlertView.m in Sources */ = {isa = PBXBuildFile; fileRef = CD7A026D1732C177003A2E2D /* BlockTableAlertView.m */; settings = {COMPILER_FLAGS = "-fno-objc-arc"; }; };
		CD7A02751732C177003A2E2D /* BlockTextPromptAlertView.m in Sources */ = {isa = PBXBuildFile; fileRef = CD7A026F1732C177003A2E2D /* BlockTextPromptAlertView.m */; settings = {COMPILER_FLAGS = "-fno-objc-arc"; }; };
		CD7A02901732C1E7003A2E2D /* action-black-button-selected.png in Resources */ = {isa = PBXBuildFile; fileRef = CD7A02771732C1E6003A2E2D /* action-black-button-selected.png */; };
		CD7A02911732C1E7003A2E2D /* action-black-button-selected@2x.png in Resources */ = {isa = PBXBuildFile; fileRef = CD7A02781732C1E6003A2E2D /* action-black-button-selected@2x.png */; };
		CD7A02921732C1E7003A2E2D /* action-black-button.png in Resources */ = {isa = PBXBuildFile; fileRef = CD7A02791732C1E6003A2E2D /* action-black-button.png */; };
		CD7A02931732C1E7003A2E2D /* action-black-button@2x.png in Resources */ = {isa = PBXBuildFile; fileRef = CD7A027A1732C1E6003A2E2D /* action-black-button@2x.png */; };
		CD7A02941732C1E7003A2E2D /* action-gray-button-selected.png in Resources */ = {isa = PBXBuildFile; fileRef = CD7A027B1732C1E6003A2E2D /* action-gray-button-selected.png */; };
		CD7A02951732C1E7003A2E2D /* action-gray-button-selected@2x.png in Resources */ = {isa = PBXBuildFile; fileRef = CD7A027C1732C1E6003A2E2D /* action-gray-button-selected@2x.png */; };
		CD7A02961732C1E7003A2E2D /* action-gray-button.png in Resources */ = {isa = PBXBuildFile; fileRef = CD7A027D1732C1E6003A2E2D /* action-gray-button.png */; };
		CD7A02971732C1E7003A2E2D /* action-gray-button@2x.png in Resources */ = {isa = PBXBuildFile; fileRef = CD7A027E1732C1E6003A2E2D /* action-gray-button@2x.png */; };
		CD7A02981732C1E7003A2E2D /* action-red-button-selected.png in Resources */ = {isa = PBXBuildFile; fileRef = CD7A027F1732C1E6003A2E2D /* action-red-button-selected.png */; };
		CD7A02991732C1E7003A2E2D /* action-red-button-selected@2x.png in Resources */ = {isa = PBXBuildFile; fileRef = CD7A02801732C1E6003A2E2D /* action-red-button-selected@2x.png */; };
		CD7A029A1732C1E7003A2E2D /* action-red-button.png in Resources */ = {isa = PBXBuildFile; fileRef = CD7A02811732C1E6003A2E2D /* action-red-button.png */; };
		CD7A029B1732C1E7003A2E2D /* action-red-button@2x.png in Resources */ = {isa = PBXBuildFile; fileRef = CD7A02821732C1E6003A2E2D /* action-red-button@2x.png */; };
		CD7A029C1732C1E7003A2E2D /* action-sheet-panel.png in Resources */ = {isa = PBXBuildFile; fileRef = CD7A02831732C1E6003A2E2D /* action-sheet-panel.png */; };
		CD7A029D1732C1E7003A2E2D /* action-sheet-panel@2x.png in Resources */ = {isa = PBXBuildFile; fileRef = CD7A02841732C1E6003A2E2D /* action-sheet-panel@2x.png */; };
		CD7A029E1732C1E7003A2E2D /* alert-black-button.png in Resources */ = {isa = PBXBuildFile; fileRef = CD7A02861732C1E6003A2E2D /* alert-black-button.png */; };
		CD7A029F1732C1E7003A2E2D /* alert-black-button@2x.png in Resources */ = {isa = PBXBuildFile; fileRef = CD7A02871732C1E6003A2E2D /* alert-black-button@2x.png */; };
		CD7A02A01732C1E7003A2E2D /* alert-gray-button.png in Resources */ = {isa = PBXBuildFile; fileRef = CD7A02881732C1E6003A2E2D /* alert-gray-button.png */; };
		CD7A02A11732C1E7003A2E2D /* alert-gray-button@2x.png in Resources */ = {isa = PBXBuildFile; fileRef = CD7A02891732C1E6003A2E2D /* alert-gray-button@2x.png */; };
		CD7A02A21732C1E7003A2E2D /* alert-red-button.png in Resources */ = {isa = PBXBuildFile; fileRef = CD7A028A1732C1E6003A2E2D /* alert-red-button.png */; };
		CD7A02A31732C1E7003A2E2D /* alert-red-button@2x.png in Resources */ = {isa = PBXBuildFile; fileRef = CD7A028B1732C1E7003A2E2D /* alert-red-button@2x.png */; };
		CD7A02A61732C1E7003A2E2D /* alert-window.png in Resources */ = {isa = PBXBuildFile; fileRef = CD7A028E1732C1E7003A2E2D /* alert-window.png */; };
		CD7A02A71732C1E7003A2E2D /* alert-window@2x.png in Resources */ = {isa = PBXBuildFile; fileRef = CD7A028F1732C1E7003A2E2D /* alert-window@2x.png */; };
		CD7A02A91732C5A3003A2E2D /* CoverPlaceholder.png in Resources */ = {isa = PBXBuildFile; fileRef = CD7A02A81732C5A3003A2E2D /* CoverPlaceholder.png */; };
		CD7A02B51732D852003A2E2D /* JSBadgeView.m in Sources */ = {isa = PBXBuildFile; fileRef = CD7A02B41732D852003A2E2D /* JSBadgeView.m */; };
		CD7A02BB1732E5C7003A2E2D /* MessageUI.framework in Frameworks */ = {isa = PBXBuildFile; fileRef = CD7A02BA1732E5C7003A2E2D /* MessageUI.framework */; };
		CD7A02BF1732E9C8003A2E2D /* GRAppearance‎Helper.m in Sources */ = {isa = PBXBuildFile; fileRef = CD7A02BE1732E9C8003A2E2D /* GRAppearance‎Helper.m */; };
		CD7A02C31732FE89003A2E2D /* GRMore@2x.png in Resources */ = {isa = PBXBuildFile; fileRef = CD7A02C11732FE89003A2E2D /* GRMore@2x.png */; };
		CD7A02C41732FE89003A2E2D /* GRMore.png in Resources */ = {isa = PBXBuildFile; fileRef = CD7A02C21732FE89003A2E2D /* GRMore.png */; };
		CD7A02CE173315AF003A2E2D /* GRList.png in Resources */ = {isa = PBXBuildFile; fileRef = CD7A02CC173315AE003A2E2D /* GRList.png */; };
		CD7A02CF173315AF003A2E2D /* GRList@2x.png in Resources */ = {isa = PBXBuildFile; fileRef = CD7A02CD173315AE003A2E2D /* GRList@2x.png */; };
		CD92B4FE1733FFBA00771F26 /* Social.framework in Frameworks */ = {isa = PBXBuildFile; fileRef = CD92B4F91733EF7000771F26 /* Social.framework */; settings = {ATTRIBUTES = (Weak, ); }; };
		CD92B501173400B600771F26 /* GRShareHelper.m in Sources */ = {isa = PBXBuildFile; fileRef = CD92B500173400B600771F26 /* GRShareHelper.m */; };
		CD92B5031734272800771F26 /* MediaPlayer.framework in Frameworks */ = {isa = PBXBuildFile; fileRef = CD92B5021734272800771F26 /* MediaPlayer.framework */; };
		CD92B50517344C4300771F26 /* GRBottom@2x.png in Resources */ = {isa = PBXBuildFile; fileRef = CD92B50417344C4200771F26 /* GRBottom@2x.png */; };
		CD92B510173455EA00771F26 /* GRNetwork@2x.png in Resources */ = {isa = PBXBuildFile; fileRef = CD92B50C173455E900771F26 /* GRNetwork@2x.png */; };
		CD92B511173455EA00771F26 /* GRPause@2x.png in Resources */ = {isa = PBXBuildFile; fileRef = CD92B50D173455E900771F26 /* GRPause@2x.png */; };
		CD92B512173455EA00771F26 /* GRPlay@2x.png in Resources */ = {isa = PBXBuildFile; fileRef = CD92B50E173455EA00771F26 /* GRPlay@2x.png */; };
		CD92B513173455EA00771F26 /* GRHeart@2x.png in Resources */ = {isa = PBXBuildFile; fileRef = CD92B50F173455EA00771F26 /* GRHeart@2x.png */; };
		CD92B51517345B2600771F26 /* GRHeartSelected@2x.png in Resources */ = {isa = PBXBuildFile; fileRef = CD92B51417345B2600771F26 /* GRHeartSelected@2x.png */; };
		CD92B519173572C100771F26 /* GRConstants.m in Sources */ = {isa = PBXBuildFile; fileRef = CD92B518173572C100771F26 /* GRConstants.m */; };
		CD92B52A173587C400771F26 /* GRTrackEmpty.png in Resources */ = {isa = PBXBuildFile; fileRef = CD92B526173587C200771F26 /* GRTrackEmpty.png */; };
		CD92B52B173587C400771F26 /* GRTrackEmpty@2x.png in Resources */ = {isa = PBXBuildFile; fileRef = CD92B527173587C200771F26 /* GRTrackEmpty@2x.png */; };
		CD92B52C173587C400771F26 /* GRTrackFill.png in Resources */ = {isa = PBXBuildFile; fileRef = CD92B528173587C300771F26 /* GRTrackFill.png */; };
		CD92B52D173587C400771F26 /* GRTrackFill@2x.png in Resources */ = {isa = PBXBuildFile; fileRef = CD92B529173587C300771F26 /* GRTrackFill@2x.png */; };
		CD92B5301735882F00771F26 /* GRKnobBase.png in Resources */ = {isa = PBXBuildFile; fileRef = CD92B52E1735882F00771F26 /* GRKnobBase.png */; };
		CD92B5311735882F00771F26 /* GRKnobBase@2x.png in Resources */ = {isa = PBXBuildFile; fileRef = CD92B52F1735882F00771F26 /* GRKnobBase@2x.png */; };
		CDA752DD173044EE005B25EC /* icon57x57.png in Resources */ = {isa = PBXBuildFile; fileRef = CDA752DB173044EE005B25EC /* icon57x57.png */; };
		CDA752DE173044EE005B25EC /* icon114x114.png in Resources */ = {isa = PBXBuildFile; fileRef = CDA752DC173044EE005B25EC /* icon114x114.png */; };
		CDA752E01730451E005B25EC /* libz.dylib in Frameworks */ = {isa = PBXBuildFile; fileRef = CDA752DF1730451E005B25EC /* libz.dylib */; };
		CDA752E8173049A0005B25EC /* GRWebService.m in Sources */ = {isa = PBXBuildFile; fileRef = CDA752E7173049A0005B25EC /* GRWebService.m */; };
		CDA752EF1730548F005B25EC /* GRCoreDataStack.m in Sources */ = {isa = PBXBuildFile; fileRef = CDA752EE1730548F005B25EC /* GRCoreDataStack.m */; };
		CDA752F1173055DA005B25EC /* CoreData.framework in Frameworks */ = {isa = PBXBuildFile; fileRef = CDA752F0173055DA005B25EC /* CoreData.framework */; };
		CDA752FE1730573C005B25EC /* GRStationsDAO.m in Sources */ = {isa = PBXBuildFile; fileRef = CDA752FD1730573C005B25EC /* GRStationsDAO.m */; };
		CDA75307173058DE005B25EC /* GreekRadioModel.xcdatamodeld in Sources */ = {isa = PBXBuildFile; fileRef = CDA75305173058DE005B25EC /* GreekRadioModel.xcdatamodeld */; };
		CDA7531017305B52005B25EC /* GRStation.m in Sources */ = {isa = PBXBuildFile; fileRef = CDA7530F17305B52005B25EC /* GRStation.m */; };
		CDA75351173070A6005B25EC /* GRStationCellView.m in Sources */ = {isa = PBXBuildFile; fileRef = CDA75350173070A6005B25EC /* GRStationCellView.m */; };
		CDD7EBE21733B66100225F5A /* Reachability.m in Sources */ = {isa = PBXBuildFile; fileRef = CDD7EBE11733B66100225F5A /* Reachability.m */; };
		CDD7EBE71733B6A900225F5A /* NSInternetDoctor.m in Sources */ = {isa = PBXBuildFile; fileRef = CDD7EBE61733B6A900225F5A /* NSInternetDoctor.m */; };
		CDD7EBE91733BA9500225F5A /* SystemConfiguration.framework in Frameworks */ = {isa = PBXBuildFile; fileRef = CDD7EBE81733BA9500225F5A /* SystemConfiguration.framework */; };
		CDD7EBED1733BC6D00225F5A /* GRRadioPlayer.m in Sources */ = {isa = PBXBuildFile; fileRef = CDD7EBEC1733BC6D00225F5A /* GRRadioPlayer.m */; };
		CDE43A7F17303DD5004C0698 /* UIKit.framework in Frameworks */ = {isa = PBXBuildFile; fileRef = CDE43A7E17303DD5004C0698 /* UIKit.framework */; };
		CDE43A8117303DD5004C0698 /* Foundation.framework in Frameworks */ = {isa = PBXBuildFile; fileRef = CDE43A8017303DD5004C0698 /* Foundation.framework */; };
		CDE43A8317303DD5004C0698 /* CoreGraphics.framework in Frameworks */ = {isa = PBXBuildFile; fileRef = CDE43A8217303DD5004C0698 /* CoreGraphics.framework */; };
		CDE43A8B17303DD5004C0698 /* main.m in Sources */ = {isa = PBXBuildFile; fileRef = CDE43A8A17303DD5004C0698 /* main.m */; };
		CDE43AA217303F54004C0698 /* InfoPlist.strings in Resources */ = {isa = PBXBuildFile; fileRef = CDE43AA117303F54004C0698 /* InfoPlist.strings */; };
		CDE43AB117303F5B004C0698 /* Default-568h@2x.png in Resources */ = {isa = PBXBuildFile; fileRef = CDE43AA517303F5B004C0698 /* Default-568h@2x.png */; };
		CDE43AB217303F5B004C0698 /* Default.png in Resources */ = {isa = PBXBuildFile; fileRef = CDE43AA617303F5B004C0698 /* Default.png */; };
		CDE43AB317303F5B004C0698 /* Default@2x.png in Resources */ = {isa = PBXBuildFile; fileRef = CDE43AA717303F5B004C0698 /* Default@2x.png */; };
		CDE43AB417303F5B004C0698 /* GRAppDelegate.m in Sources */ = {isa = PBXBuildFile; fileRef = CDE43AAB17303F5B004C0698 /* GRAppDelegate.m */; };
/* End PBXBuildFile section */

/* Begin PBXContainerItemProxy section */
		CD7A021E17329981003A2E2D /* PBXContainerItemProxy */ = {
			isa = PBXContainerItemProxy;
			containerPortal = CD7A021717329980003A2E2D /* CKRefreshControl.xcodeproj */;
			proxyType = 2;
			remoteGlobalIDString = B71610E31631C4BC00B08595;
			remoteInfo = CKRefreshControl;
		};
/* End PBXContainerItemProxy section */

/* Begin PBXFileReference section */
		CD53C9511737A97800264230 /* Settings.bundle */ = {isa = PBXFileReference; lastKnownFileType = "wrapper.plug-in"; path = Settings.bundle; sourceTree = "<group>"; };
		CD53C9551737B0D400264230 /* .gitignore */ = {isa = PBXFileReference; fileEncoding = 4; lastKnownFileType = text; path = .gitignore; sourceTree = "<group>"; };
		CD53C9561737B0D400264230 /* Appirater.h */ = {isa = PBXFileReference; fileEncoding = 4; lastKnownFileType = sourcecode.c.h; path = Appirater.h; sourceTree = "<group>"; };
		CD53C9571737B0D400264230 /* Appirater.m */ = {isa = PBXFileReference; fileEncoding = 4; lastKnownFileType = sourcecode.c.objc; path = Appirater.m; sourceTree = "<group>"; };
		CD53C9581737B0D400264230 /* AppiraterDelegate.h */ = {isa = PBXFileReference; fileEncoding = 4; lastKnownFileType = sourcecode.c.h; path = AppiraterDelegate.h; sourceTree = "<group>"; };
		CD53C95A1737B0D400264230 /* el */ = {isa = PBXFileReference; lastKnownFileType = text.plist.strings; name = el; path = el.lproj/AppiraterLocalizable.strings; sourceTree = "<group>"; };
		CD53C95B1737B0D400264230 /* en */ = {isa = PBXFileReference; lastKnownFileType = text.plist.strings; name = en; path = en.lproj/AppiraterLocalizable.strings; sourceTree = "<group>"; };
		CD53C95C1737B0D400264230 /* README.md */ = {isa = PBXFileReference; fileEncoding = 4; lastKnownFileType = text; path = README.md; sourceTree = "<group>"; };
		CD53C9621737B15800264230 /* StoreKit.framework */ = {isa = PBXFileReference; lastKnownFileType = wrapper.framework; name = StoreKit.framework; path = System/Library/Frameworks/StoreKit.framework; sourceTree = SDKROOT; };
		CD6AD36017312F5D0009A106 /* AudioStreamer.h */ = {isa = PBXFileReference; fileEncoding = 4; lastKnownFileType = sourcecode.c.h; path = AudioStreamer.h; sourceTree = "<group>"; };
		CD6AD36117312F5D0009A106 /* AudioStreamer.m */ = {isa = PBXFileReference; fileEncoding = 4; lastKnownFileType = sourcecode.c.objc; path = AudioStreamer.m; sourceTree = "<group>"; };
		CD6AD36317312F5D0009A106 /* libTestFlight.a */ = {isa = PBXFileReference; lastKnownFileType = archive.ar; path = libTestFlight.a; sourceTree = "<group>"; };
		CD6AD36417312F5D0009A106 /* TestFlight.h */ = {isa = PBXFileReference; fileEncoding = 4; lastKnownFileType = sourcecode.c.h; path = TestFlight.h; sourceTree = "<group>"; };
		CD6AD36717312F7E0009A106 /* CFNetwork.framework */ = {isa = PBXFileReference; lastKnownFileType = wrapper.framework; name = CFNetwork.framework; path = System/Library/Frameworks/CFNetwork.framework; sourceTree = SDKROOT; };
		CD6AD36917312F8B0009A106 /* AudioToolbox.framework */ = {isa = PBXFileReference; lastKnownFileType = wrapper.framework; name = AudioToolbox.framework; path = System/Library/Frameworks/AudioToolbox.framework; sourceTree = SDKROOT; };
		CD7A017B17327591003A2E2D /* GRStationCellView.xib */ = {isa = PBXFileReference; fileEncoding = 4; lastKnownFileType = file.xib; name = GRStationCellView.xib; path = Cells/GRStationCellView.xib; sourceTree = "<group>"; };
		CD7A018217327799003A2E2D /* GRWoodHeader.png */ = {isa = PBXFileReference; lastKnownFileType = image.png; path = GRWoodHeader.png; sourceTree = "<group>"; };
		CD7A018317327799003A2E2D /* GRWoodHeader@2x.png */ = {isa = PBXFileReference; lastKnownFileType = image.png; path = "GRWoodHeader@2x.png"; sourceTree = "<group>"; };
		CD7A018817327ADD003A2E2D /* GRListTableViewController.h */ = {isa = PBXFileReference; fileEncoding = 4; lastKnownFileType = sourcecode.c.h; path = GRListTableViewController.h; sourceTree = "<group>"; };
		CD7A018917327ADD003A2E2D /* GRListTableViewController.m */ = {isa = PBXFileReference; fileEncoding = 4; lastKnownFileType = sourcecode.c.objc; path = GRListTableViewController.m; sourceTree = "<group>"; };
		CD7A018A17327ADD003A2E2D /* GRListTableViewController.xib */ = {isa = PBXFileReference; fileEncoding = 4; lastKnownFileType = file.xib; path = GRListTableViewController.xib; sourceTree = "<group>"; };
		CD7A018D17327AF4003A2E2D /* GRPlayerViewController.h */ = {isa = PBXFileReference; fileEncoding = 4; lastKnownFileType = sourcecode.c.h; path = GRPlayerViewController.h; sourceTree = "<group>"; };
		CD7A018E17327AF4003A2E2D /* GRPlayerViewController.m */ = {isa = PBXFileReference; fileEncoding = 4; lastKnownFileType = sourcecode.c.objc; path = GRPlayerViewController.m; sourceTree = "<group>"; };
		CD7A018F17327AF4003A2E2D /* GRPlayerViewController.xib */ = {isa = PBXFileReference; fileEncoding = 4; lastKnownFileType = file.xib; path = GRPlayerViewController.xib; sourceTree = "<group>"; };
		CD7A019717328DC2003A2E2D /* GRMicrophone.png */ = {isa = PBXFileReference; lastKnownFileType = image.png; path = GRMicrophone.png; sourceTree = "<group>"; };
		CD7A019817328DC2003A2E2D /* GRMicrophone@2x.png */ = {isa = PBXFileReference; lastKnownFileType = image.png; path = "GRMicrophone@2x.png"; sourceTree = "<group>"; };
		CD7A019B17328E74003A2E2D /* GRSeparatorBottom@2x.png */ = {isa = PBXFileReference; lastKnownFileType = image.png; path = "GRSeparatorBottom@2x.png"; sourceTree = "<group>"; };
		CD7A019C17328E74003A2E2D /* GRSeparatorBottom.png */ = {isa = PBXFileReference; lastKnownFileType = image.png; path = GRSeparatorBottom.png; sourceTree = "<group>"; };
		CD7A0208173293D2003A2E2D /* GRNotificationCenter.h */ = {isa = PBXFileReference; fileEncoding = 4; lastKnownFileType = sourcecode.c.h; path = GRNotificationCenter.h; sourceTree = "<group>"; };
		CD7A0209173293D2003A2E2D /* GRNotificationCenter.m */ = {isa = PBXFileReference; fileEncoding = 4; lastKnownFileType = sourcecode.c.objc; path = GRNotificationCenter.m; sourceTree = "<group>"; };
		CD7A021017329980003A2E2D /* CKParagraphStyle.h */ = {isa = PBXFileReference; fileEncoding = 4; lastKnownFileType = sourcecode.c.h; path = CKParagraphStyle.h; sourceTree = "<group>"; };
		CD7A021117329980003A2E2D /* CKParagraphStyle.m */ = {isa = PBXFileReference; fileEncoding = 4; lastKnownFileType = sourcecode.c.objc; path = CKParagraphStyle.m; sourceTree = "<group>"; };
		CD7A021217329980003A2E2D /* CKRefreshArrowView.h */ = {isa = PBXFileReference; fileEncoding = 4; lastKnownFileType = sourcecode.c.h; path = CKRefreshArrowView.h; sourceTree = "<group>"; };
		CD7A021317329980003A2E2D /* CKRefreshArrowView.m */ = {isa = PBXFileReference; fileEncoding = 4; lastKnownFileType = sourcecode.c.objc; path = CKRefreshArrowView.m; sourceTree = "<group>"; };
		CD7A021417329980003A2E2D /* CKRefreshControl-Prefix.pch */ = {isa = PBXFileReference; fileEncoding = 4; lastKnownFileType = sourcecode.c.h; path = "CKRefreshControl-Prefix.pch"; sourceTree = "<group>"; };
		CD7A021517329980003A2E2D /* CKRefreshControl.h */ = {isa = PBXFileReference; fileEncoding = 4; lastKnownFileType = sourcecode.c.h; path = CKRefreshControl.h; sourceTree = "<group>"; };
		CD7A021617329980003A2E2D /* CKRefreshControl.m */ = {isa = PBXFileReference; fileEncoding = 4; lastKnownFileType = sourcecode.c.objc; path = CKRefreshControl.m; sourceTree = "<group>"; };
		CD7A021717329980003A2E2D /* CKRefreshControl.xcodeproj */ = {isa = PBXFileReference; lastKnownFileType = "wrapper.pb-project"; path = CKRefreshControl.xcodeproj; sourceTree = "<group>"; };
		CD7A0222173299AF003A2E2D /* QuartzCore.framework */ = {isa = PBXFileReference; lastKnownFileType = wrapper.framework; name = QuartzCore.framework; path = System/Library/Frameworks/QuartzCore.framework; sourceTree = SDKROOT; };
		CD7A02501732B33B003A2E2D /* GRSplashViewController.h */ = {isa = PBXFileReference; fileEncoding = 4; lastKnownFileType = sourcecode.c.h; path = GRSplashViewController.h; sourceTree = "<group>"; };
		CD7A02511732B33B003A2E2D /* GRSplashViewController.m */ = {isa = PBXFileReference; fileEncoding = 4; lastKnownFileType = sourcecode.c.objc; path = GRSplashViewController.m; sourceTree = "<group>"; };
		CD7A02521732B33B003A2E2D /* GRSplashViewController.xib */ = {isa = PBXFileReference; fileEncoding = 4; lastKnownFileType = file.xib; path = GRSplashViewController.xib; sourceTree = "<group>"; };
		CD7A02611732BDD0003A2E2D /* GRPaperBackground.png */ = {isa = PBXFileReference; lastKnownFileType = image.png; path = GRPaperBackground.png; sourceTree = "<group>"; };
		CD7A02621732BDD1003A2E2D /* GRPaperBackground@2x.png */ = {isa = PBXFileReference; lastKnownFileType = image.png; path = "GRPaperBackground@2x.png"; sourceTree = "<group>"; };
		CD7A02661732C177003A2E2D /* BlockActionSheet.h */ = {isa = PBXFileReference; fileEncoding = 4; lastKnownFileType = sourcecode.c.h; path = BlockActionSheet.h; sourceTree = "<group>"; };
		CD7A02671732C177003A2E2D /* BlockActionSheet.m */ = {isa = PBXFileReference; fileEncoding = 4; lastKnownFileType = sourcecode.c.objc; path = BlockActionSheet.m; sourceTree = "<group>"; };
		CD7A02681732C177003A2E2D /* BlockAlertView.h */ = {isa = PBXFileReference; fileEncoding = 4; lastKnownFileType = sourcecode.c.h; path = BlockAlertView.h; sourceTree = "<group>"; };
		CD7A02691732C177003A2E2D /* BlockAlertView.m */ = {isa = PBXFileReference; fileEncoding = 4; lastKnownFileType = sourcecode.c.objc; path = BlockAlertView.m; sourceTree = "<group>"; };
		CD7A026A1732C177003A2E2D /* BlockBackground.h */ = {isa = PBXFileReference; fileEncoding = 4; lastKnownFileType = sourcecode.c.h; path = BlockBackground.h; sourceTree = "<group>"; };
		CD7A026B1732C177003A2E2D /* BlockBackground.m */ = {isa = PBXFileReference; fileEncoding = 4; lastKnownFileType = sourcecode.c.objc; path = BlockBackground.m; sourceTree = "<group>"; };
		CD7A026C1732C177003A2E2D /* BlockTableAlertView.h */ = {isa = PBXFileReference; fileEncoding = 4; lastKnownFileType = sourcecode.c.h; path = BlockTableAlertView.h; sourceTree = "<group>"; };
		CD7A026D1732C177003A2E2D /* BlockTableAlertView.m */ = {isa = PBXFileReference; fileEncoding = 4; lastKnownFileType = sourcecode.c.objc; path = BlockTableAlertView.m; sourceTree = "<group>"; };
		CD7A026E1732C177003A2E2D /* BlockTextPromptAlertView.h */ = {isa = PBXFileReference; fileEncoding = 4; lastKnownFileType = sourcecode.c.h; path = BlockTextPromptAlertView.h; sourceTree = "<group>"; };
		CD7A026F1732C177003A2E2D /* BlockTextPromptAlertView.m */ = {isa = PBXFileReference; fileEncoding = 4; lastKnownFileType = sourcecode.c.objc; path = BlockTextPromptAlertView.m; sourceTree = "<group>"; };
		CD7A02701732C177003A2E2D /* BlockUI.h */ = {isa = PBXFileReference; fileEncoding = 4; lastKnownFileType = sourcecode.c.h; path = BlockUI.h; sourceTree = "<group>"; };
		CD7A02771732C1E6003A2E2D /* action-black-button-selected.png */ = {isa = PBXFileReference; lastKnownFileType = image.png; path = "action-black-button-selected.png"; sourceTree = "<group>"; };
		CD7A02781732C1E6003A2E2D /* action-black-button-selected@2x.png */ = {isa = PBXFileReference; lastKnownFileType = image.png; path = "action-black-button-selected@2x.png"; sourceTree = "<group>"; };
		CD7A02791732C1E6003A2E2D /* action-black-button.png */ = {isa = PBXFileReference; lastKnownFileType = image.png; path = "action-black-button.png"; sourceTree = "<group>"; };
		CD7A027A1732C1E6003A2E2D /* action-black-button@2x.png */ = {isa = PBXFileReference; lastKnownFileType = image.png; path = "action-black-button@2x.png"; sourceTree = "<group>"; };
		CD7A027B1732C1E6003A2E2D /* action-gray-button-selected.png */ = {isa = PBXFileReference; lastKnownFileType = image.png; path = "action-gray-button-selected.png"; sourceTree = "<group>"; };
		CD7A027C1732C1E6003A2E2D /* action-gray-button-selected@2x.png */ = {isa = PBXFileReference; lastKnownFileType = image.png; path = "action-gray-button-selected@2x.png"; sourceTree = "<group>"; };
		CD7A027D1732C1E6003A2E2D /* action-gray-button.png */ = {isa = PBXFileReference; lastKnownFileType = image.png; path = "action-gray-button.png"; sourceTree = "<group>"; };
		CD7A027E1732C1E6003A2E2D /* action-gray-button@2x.png */ = {isa = PBXFileReference; lastKnownFileType = image.png; path = "action-gray-button@2x.png"; sourceTree = "<group>"; };
		CD7A027F1732C1E6003A2E2D /* action-red-button-selected.png */ = {isa = PBXFileReference; lastKnownFileType = image.png; path = "action-red-button-selected.png"; sourceTree = "<group>"; };
		CD7A02801732C1E6003A2E2D /* action-red-button-selected@2x.png */ = {isa = PBXFileReference; lastKnownFileType = image.png; path = "action-red-button-selected@2x.png"; sourceTree = "<group>"; };
		CD7A02811732C1E6003A2E2D /* action-red-button.png */ = {isa = PBXFileReference; lastKnownFileType = image.png; path = "action-red-button.png"; sourceTree = "<group>"; };
		CD7A02821732C1E6003A2E2D /* action-red-button@2x.png */ = {isa = PBXFileReference; lastKnownFileType = image.png; path = "action-red-button@2x.png"; sourceTree = "<group>"; };
		CD7A02831732C1E6003A2E2D /* action-sheet-panel.png */ = {isa = PBXFileReference; lastKnownFileType = image.png; path = "action-sheet-panel.png"; sourceTree = "<group>"; };
		CD7A02841732C1E6003A2E2D /* action-sheet-panel@2x.png */ = {isa = PBXFileReference; lastKnownFileType = image.png; path = "action-sheet-panel@2x.png"; sourceTree = "<group>"; };
		CD7A02861732C1E6003A2E2D /* alert-black-button.png */ = {isa = PBXFileReference; lastKnownFileType = image.png; path = "alert-black-button.png"; sourceTree = "<group>"; };
		CD7A02871732C1E6003A2E2D /* alert-black-button@2x.png */ = {isa = PBXFileReference; lastKnownFileType = image.png; path = "alert-black-button@2x.png"; sourceTree = "<group>"; };
		CD7A02881732C1E6003A2E2D /* alert-gray-button.png */ = {isa = PBXFileReference; lastKnownFileType = image.png; path = "alert-gray-button.png"; sourceTree = "<group>"; };
		CD7A02891732C1E6003A2E2D /* alert-gray-button@2x.png */ = {isa = PBXFileReference; lastKnownFileType = image.png; path = "alert-gray-button@2x.png"; sourceTree = "<group>"; };
		CD7A028A1732C1E6003A2E2D /* alert-red-button.png */ = {isa = PBXFileReference; lastKnownFileType = image.png; path = "alert-red-button.png"; sourceTree = "<group>"; };
		CD7A028B1732C1E7003A2E2D /* alert-red-button@2x.png */ = {isa = PBXFileReference; lastKnownFileType = image.png; path = "alert-red-button@2x.png"; sourceTree = "<group>"; };
		CD7A028E1732C1E7003A2E2D /* alert-window.png */ = {isa = PBXFileReference; lastKnownFileType = image.png; path = "alert-window.png"; sourceTree = "<group>"; };
		CD7A028F1732C1E7003A2E2D /* alert-window@2x.png */ = {isa = PBXFileReference; lastKnownFileType = image.png; path = "alert-window@2x.png"; sourceTree = "<group>"; };
		CD7A02A81732C5A3003A2E2D /* CoverPlaceholder.png */ = {isa = PBXFileReference; lastKnownFileType = image.png; path = CoverPlaceholder.png; sourceTree = "<group>"; };
		CD7A02B31732D852003A2E2D /* JSBadgeView.h */ = {isa = PBXFileReference; fileEncoding = 4; lastKnownFileType = sourcecode.c.h; path = JSBadgeView.h; sourceTree = "<group>"; };
		CD7A02B41732D852003A2E2D /* JSBadgeView.m */ = {isa = PBXFileReference; fileEncoding = 4; lastKnownFileType = sourcecode.c.objc; path = JSBadgeView.m; sourceTree = "<group>"; };
		CD7A02BA1732E5C7003A2E2D /* MessageUI.framework */ = {isa = PBXFileReference; lastKnownFileType = wrapper.framework; name = MessageUI.framework; path = System/Library/Frameworks/MessageUI.framework; sourceTree = SDKROOT; };
		CD7A02BD1732E9C8003A2E2D /* GRAppearance‎Helper.h */ = {isa = PBXFileReference; fileEncoding = 4; lastKnownFileType = sourcecode.c.h; path = "GRAppearance‎Helper.h"; sourceTree = "<group>"; };
		CD7A02BE1732E9C8003A2E2D /* GRAppearance‎Helper.m */ = {isa = PBXFileReference; fileEncoding = 4; lastKnownFileType = sourcecode.c.objc; path = "GRAppearance‎Helper.m"; sourceTree = "<group>"; };
		CD7A02C11732FE89003A2E2D /* GRMore@2x.png */ = {isa = PBXFileReference; lastKnownFileType = image.png; path = "GRMore@2x.png"; sourceTree = "<group>"; };
		CD7A02C21732FE89003A2E2D /* GRMore.png */ = {isa = PBXFileReference; lastKnownFileType = image.png; path = GRMore.png; sourceTree = "<group>"; };
		CD7A02CC173315AE003A2E2D /* GRList.png */ = {isa = PBXFileReference; lastKnownFileType = image.png; path = GRList.png; sourceTree = "<group>"; };
		CD7A02CD173315AE003A2E2D /* GRList@2x.png */ = {isa = PBXFileReference; lastKnownFileType = image.png; path = "GRList@2x.png"; sourceTree = "<group>"; };
		CD92B4F91733EF7000771F26 /* Social.framework */ = {isa = PBXFileReference; lastKnownFileType = wrapper.framework; name = Social.framework; path = System/Library/Frameworks/Social.framework; sourceTree = SDKROOT; };
		CD92B4FF173400B600771F26 /* GRShareHelper.h */ = {isa = PBXFileReference; fileEncoding = 4; lastKnownFileType = sourcecode.c.h; path = GRShareHelper.h; sourceTree = "<group>"; };
		CD92B500173400B600771F26 /* GRShareHelper.m */ = {isa = PBXFileReference; fileEncoding = 4; lastKnownFileType = sourcecode.c.objc; path = GRShareHelper.m; sourceTree = "<group>"; };
		CD92B5021734272800771F26 /* MediaPlayer.framework */ = {isa = PBXFileReference; lastKnownFileType = wrapper.framework; name = MediaPlayer.framework; path = System/Library/Frameworks/MediaPlayer.framework; sourceTree = SDKROOT; };
		CD92B50417344C4200771F26 /* GRBottom@2x.png */ = {isa = PBXFileReference; lastKnownFileType = image.png; path = "GRBottom@2x.png"; sourceTree = "<group>"; };
		CD92B50C173455E900771F26 /* GRNetwork@2x.png */ = {isa = PBXFileReference; lastKnownFileType = image.png; path = "GRNetwork@2x.png"; sourceTree = "<group>"; };
		CD92B50D173455E900771F26 /* GRPause@2x.png */ = {isa = PBXFileReference; lastKnownFileType = image.png; path = "GRPause@2x.png"; sourceTree = "<group>"; };
		CD92B50E173455EA00771F26 /* GRPlay@2x.png */ = {isa = PBXFileReference; lastKnownFileType = image.png; path = "GRPlay@2x.png"; sourceTree = "<group>"; };
		CD92B50F173455EA00771F26 /* GRHeart@2x.png */ = {isa = PBXFileReference; lastKnownFileType = image.png; path = "GRHeart@2x.png"; sourceTree = "<group>"; };
		CD92B51417345B2600771F26 /* GRHeartSelected@2x.png */ = {isa = PBXFileReference; lastKnownFileType = image.png; path = "GRHeartSelected@2x.png"; sourceTree = "<group>"; };
		CD92B517173572C100771F26 /* GRConstants.h */ = {isa = PBXFileReference; fileEncoding = 4; lastKnownFileType = sourcecode.c.h; path = GRConstants.h; sourceTree = "<group>"; };
		CD92B518173572C100771F26 /* GRConstants.m */ = {isa = PBXFileReference; fileEncoding = 4; lastKnownFileType = sourcecode.c.objc; path = GRConstants.m; sourceTree = "<group>"; };
		CD92B526173587C200771F26 /* GRTrackEmpty.png */ = {isa = PBXFileReference; lastKnownFileType = image.png; path = GRTrackEmpty.png; sourceTree = "<group>"; };
		CD92B527173587C200771F26 /* GRTrackEmpty@2x.png */ = {isa = PBXFileReference; lastKnownFileType = image.png; path = "GRTrackEmpty@2x.png"; sourceTree = "<group>"; };
		CD92B528173587C300771F26 /* GRTrackFill.png */ = {isa = PBXFileReference; lastKnownFileType = image.png; path = GRTrackFill.png; sourceTree = "<group>"; };
		CD92B529173587C300771F26 /* GRTrackFill@2x.png */ = {isa = PBXFileReference; lastKnownFileType = image.png; path = "GRTrackFill@2x.png"; sourceTree = "<group>"; };
		CD92B52E1735882F00771F26 /* GRKnobBase.png */ = {isa = PBXFileReference; lastKnownFileType = image.png; path = GRKnobBase.png; sourceTree = "<group>"; };
		CD92B52F1735882F00771F26 /* GRKnobBase@2x.png */ = {isa = PBXFileReference; lastKnownFileType = image.png; path = "GRKnobBase@2x.png"; sourceTree = "<group>"; };
		CDA752DB173044EE005B25EC /* icon57x57.png */ = {isa = PBXFileReference; lastKnownFileType = image.png; path = icon57x57.png; sourceTree = "<group>"; };
		CDA752DC173044EE005B25EC /* icon114x114.png */ = {isa = PBXFileReference; lastKnownFileType = image.png; path = icon114x114.png; sourceTree = "<group>"; };
		CDA752DF1730451E005B25EC /* libz.dylib */ = {isa = PBXFileReference; lastKnownFileType = "compiled.mach-o.dylib"; name = libz.dylib; path = usr/lib/libz.dylib; sourceTree = SDKROOT; };
		CDA752E6173049A0005B25EC /* GRWebService.h */ = {isa = PBXFileReference; fileEncoding = 4; lastKnownFileType = sourcecode.c.h; path = GRWebService.h; sourceTree = "<group>"; };
		CDA752E7173049A0005B25EC /* GRWebService.m */ = {isa = PBXFileReference; fileEncoding = 4; lastKnownFileType = sourcecode.c.objc; path = GRWebService.m; sourceTree = "<group>"; };
		CDA752ED1730548F005B25EC /* GRCoreDataStack.h */ = {isa = PBXFileReference; fileEncoding = 4; lastKnownFileType = sourcecode.c.h; path = GRCoreDataStack.h; sourceTree = "<group>"; };
		CDA752EE1730548F005B25EC /* GRCoreDataStack.m */ = {isa = PBXFileReference; fileEncoding = 4; lastKnownFileType = sourcecode.c.objc; path = GRCoreDataStack.m; sourceTree = "<group>"; };
		CDA752F0173055DA005B25EC /* CoreData.framework */ = {isa = PBXFileReference; lastKnownFileType = wrapper.framework; name = CoreData.framework; path = System/Library/Frameworks/CoreData.framework; sourceTree = SDKROOT; };
		CDA752FC1730573C005B25EC /* GRStationsDAO.h */ = {isa = PBXFileReference; fileEncoding = 4; lastKnownFileType = sourcecode.c.h; path = GRStationsDAO.h; sourceTree = "<group>"; };
		CDA752FD1730573C005B25EC /* GRStationsDAO.m */ = {isa = PBXFileReference; fileEncoding = 4; lastKnownFileType = sourcecode.c.objc; path = GRStationsDAO.m; sourceTree = "<group>"; };
		CDA75306173058DE005B25EC /* GreekRadioModel.xcdatamodel */ = {isa = PBXFileReference; lastKnownFileType = wrapper.xcdatamodel; path = GreekRadioModel.xcdatamodel; sourceTree = "<group>"; };
		CDA7530E17305B52005B25EC /* GRStation.h */ = {isa = PBXFileReference; fileEncoding = 4; lastKnownFileType = sourcecode.c.h; path = GRStation.h; sourceTree = "<group>"; };
		CDA7530F17305B52005B25EC /* GRStation.m */ = {isa = PBXFileReference; fileEncoding = 4; lastKnownFileType = sourcecode.c.objc; path = GRStation.m; sourceTree = "<group>"; };
		CDA7534F173070A6005B25EC /* GRStationCellView.h */ = {isa = PBXFileReference; fileEncoding = 4; lastKnownFileType = sourcecode.c.h; name = GRStationCellView.h; path = Cells/GRStationCellView.h; sourceTree = "<group>"; };
		CDA75350173070A6005B25EC /* GRStationCellView.m */ = {isa = PBXFileReference; fileEncoding = 4; lastKnownFileType = sourcecode.c.objc; name = GRStationCellView.m; path = Cells/GRStationCellView.m; sourceTree = "<group>"; };
		CDD7EBE01733B66100225F5A /* Reachability.h */ = {isa = PBXFileReference; fileEncoding = 4; lastKnownFileType = sourcecode.c.h; path = Reachability.h; sourceTree = "<group>"; };
		CDD7EBE11733B66100225F5A /* Reachability.m */ = {isa = PBXFileReference; fileEncoding = 4; lastKnownFileType = sourcecode.c.objc; path = Reachability.m; sourceTree = "<group>"; };
		CDD7EBE51733B6A900225F5A /* NSInternetDoctor.h */ = {isa = PBXFileReference; fileEncoding = 4; lastKnownFileType = sourcecode.c.h; path = NSInternetDoctor.h; sourceTree = "<group>"; };
		CDD7EBE61733B6A900225F5A /* NSInternetDoctor.m */ = {isa = PBXFileReference; fileEncoding = 4; lastKnownFileType = sourcecode.c.objc; path = NSInternetDoctor.m; sourceTree = "<group>"; };
		CDD7EBE81733BA9500225F5A /* SystemConfiguration.framework */ = {isa = PBXFileReference; lastKnownFileType = wrapper.framework; name = SystemConfiguration.framework; path = System/Library/Frameworks/SystemConfiguration.framework; sourceTree = SDKROOT; };
		CDD7EBEB1733BC6D00225F5A /* GRRadioPlayer.h */ = {isa = PBXFileReference; fileEncoding = 4; lastKnownFileType = sourcecode.c.h; path = GRRadioPlayer.h; sourceTree = "<group>"; };
		CDD7EBEC1733BC6D00225F5A /* GRRadioPlayer.m */ = {isa = PBXFileReference; fileEncoding = 4; lastKnownFileType = sourcecode.c.objc; path = GRRadioPlayer.m; sourceTree = "<group>"; };
		CDE43A7B17303DD5004C0698 /* Greek Radio.app */ = {isa = PBXFileReference; explicitFileType = wrapper.application; includeInIndex = 0; path = "Greek Radio.app"; sourceTree = BUILT_PRODUCTS_DIR; };
		CDE43A7E17303DD5004C0698 /* UIKit.framework */ = {isa = PBXFileReference; lastKnownFileType = wrapper.framework; name = UIKit.framework; path = System/Library/Frameworks/UIKit.framework; sourceTree = SDKROOT; };
		CDE43A8017303DD5004C0698 /* Foundation.framework */ = {isa = PBXFileReference; lastKnownFileType = wrapper.framework; name = Foundation.framework; path = System/Library/Frameworks/Foundation.framework; sourceTree = SDKROOT; };
		CDE43A8217303DD5004C0698 /* CoreGraphics.framework */ = {isa = PBXFileReference; lastKnownFileType = wrapper.framework; name = CoreGraphics.framework; path = System/Library/Frameworks/CoreGraphics.framework; sourceTree = SDKROOT; };
		CDE43A8617303DD5004C0698 /* Greek Radio-Info.plist */ = {isa = PBXFileReference; lastKnownFileType = text.plist.xml; path = "Greek Radio-Info.plist"; sourceTree = "<group>"; };
		CDE43A8A17303DD5004C0698 /* main.m */ = {isa = PBXFileReference; lastKnownFileType = sourcecode.c.objc; path = main.m; sourceTree = "<group>"; };
		CDE43A8C17303DD5004C0698 /* Greek Radio-Prefix.pch */ = {isa = PBXFileReference; lastKnownFileType = sourcecode.c.h; path = "Greek Radio-Prefix.pch"; sourceTree = "<group>"; };
		CDE43AA117303F54004C0698 /* InfoPlist.strings */ = {isa = PBXFileReference; fileEncoding = 4; lastKnownFileType = text.plist.strings; path = InfoPlist.strings; sourceTree = "<group>"; };
		CDE43AA517303F5B004C0698 /* Default-568h@2x.png */ = {isa = PBXFileReference; lastKnownFileType = image.png; path = "Default-568h@2x.png"; sourceTree = "<group>"; };
		CDE43AA617303F5B004C0698 /* Default.png */ = {isa = PBXFileReference; lastKnownFileType = image.png; path = Default.png; sourceTree = "<group>"; };
		CDE43AA717303F5B004C0698 /* Default@2x.png */ = {isa = PBXFileReference; lastKnownFileType = image.png; path = "Default@2x.png"; sourceTree = "<group>"; };
		CDE43AAA17303F5B004C0698 /* GRAppDelegate.h */ = {isa = PBXFileReference; fileEncoding = 4; lastKnownFileType = sourcecode.c.h; path = GRAppDelegate.h; sourceTree = "<group>"; };
		CDE43AAB17303F5B004C0698 /* GRAppDelegate.m */ = {isa = PBXFileReference; fileEncoding = 4; lastKnownFileType = sourcecode.c.objc; path = GRAppDelegate.m; sourceTree = "<group>"; };
/* End PBXFileReference section */

/* Begin PBXFrameworksBuildPhase section */
		CDE43A7817303DD5004C0698 /* Frameworks */ = {
			isa = PBXFrameworksBuildPhase;
			buildActionMask = 2147483647;
			files = (
				CD53C9631737B15800264230 /* StoreKit.framework in Frameworks */,
				CD92B5031734272800771F26 /* MediaPlayer.framework in Frameworks */,
				CD92B4FE1733FFBA00771F26 /* Social.framework in Frameworks */,
				CDD7EBE91733BA9500225F5A /* SystemConfiguration.framework in Frameworks */,
				CD7A02BB1732E5C7003A2E2D /* MessageUI.framework in Frameworks */,
				CD7A0223173299B0003A2E2D /* QuartzCore.framework in Frameworks */,
				CD6AD36A17312F8B0009A106 /* AudioToolbox.framework in Frameworks */,
				CD6AD36817312F7E0009A106 /* CFNetwork.framework in Frameworks */,
				CDA752F1173055DA005B25EC /* CoreData.framework in Frameworks */,
				CDA752E01730451E005B25EC /* libz.dylib in Frameworks */,
				CDE43A7F17303DD5004C0698 /* UIKit.framework in Frameworks */,
				CDE43A8117303DD5004C0698 /* Foundation.framework in Frameworks */,
				CDE43A8317303DD5004C0698 /* CoreGraphics.framework in Frameworks */,
				CD6AD36617312F5D0009A106 /* libTestFlight.a in Frameworks */,
			);
			runOnlyForDeploymentPostprocessing = 0;
		};
/* End PBXFrameworksBuildPhase section */

/* Begin PBXGroup section */
		CD53C9541737B0D400264230 /* Appirater */ = {
			isa = PBXGroup;
			children = (
				CD53C9551737B0D400264230 /* .gitignore */,
				CD53C9561737B0D400264230 /* Appirater.h */,
				CD53C9571737B0D400264230 /* Appirater.m */,
				CD53C9581737B0D400264230 /* AppiraterDelegate.h */,
				CD53C9591737B0D400264230 /* AppiraterLocalizable.strings */,
				CD53C95C1737B0D400264230 /* README.md */,
			);
			path = Appirater;
			sourceTree = "<group>";
		};
		CD6AD35F17312F5D0009A106 /* Audio Streamer */ = {
			isa = PBXGroup;
			children = (
				CD6AD36017312F5D0009A106 /* AudioStreamer.h */,
				CD6AD36117312F5D0009A106 /* AudioStreamer.m */,
			);
			path = "Audio Streamer";
			sourceTree = "<group>";
		};
		CD6AD36217312F5D0009A106 /* TestFlight */ = {
			isa = PBXGroup;
			children = (
				CD6AD36317312F5D0009A106 /* libTestFlight.a */,
				CD6AD36417312F5D0009A106 /* TestFlight.h */,
			);
			path = TestFlight;
			sourceTree = "<group>";
		};
		CD7A017D1732774F003A2E2D /* Helpers */ = {
			isa = PBXGroup;
			children = (
				CD92B4FF173400B600771F26 /* GRShareHelper.h */,
				CD92B500173400B600771F26 /* GRShareHelper.m */,
			);
			path = Helpers;
			sourceTree = "<group>";
		};
		CD7A018117327799003A2E2D /* Toolbar */ = {
			isa = PBXGroup;
			children = (
				CD92B52E1735882F00771F26 /* GRKnobBase.png */,
				CD92B52F1735882F00771F26 /* GRKnobBase@2x.png */,
				CD92B526173587C200771F26 /* GRTrackEmpty.png */,
				CD92B527173587C200771F26 /* GRTrackEmpty@2x.png */,
				CD92B528173587C300771F26 /* GRTrackFill.png */,
				CD92B529173587C300771F26 /* GRTrackFill@2x.png */,
				CD92B50417344C4200771F26 /* GRBottom@2x.png */,
				CD7A02CC173315AE003A2E2D /* GRList.png */,
				CD7A02CD173315AE003A2E2D /* GRList@2x.png */,
				CD7A02C21732FE89003A2E2D /* GRMore.png */,
				CD7A02C11732FE89003A2E2D /* GRMore@2x.png */,
				CD7A018217327799003A2E2D /* GRWoodHeader.png */,
				CD7A018317327799003A2E2D /* GRWoodHeader@2x.png */,
				CD7A02611732BDD0003A2E2D /* GRPaperBackground.png */,
				CD7A02621732BDD1003A2E2D /* GRPaperBackground@2x.png */,
			);
			path = Toolbar;
			sourceTree = "<group>";
		};
		CD7A018617327AC7003A2E2D /* Player */ = {
			isa = PBXGroup;
			children = (
				CD7A018D17327AF4003A2E2D /* GRPlayerViewController.h */,
				CD7A018E17327AF4003A2E2D /* GRPlayerViewController.m */,
				CD7A018F17327AF4003A2E2D /* GRPlayerViewController.xib */,
			);
			path = Player;
			sourceTree = "<group>";
		};
		CD7A018717327ADD003A2E2D /* Station List */ = {
			isa = PBXGroup;
			children = (
				CD7A018817327ADD003A2E2D /* GRListTableViewController.h */,
				CD7A018917327ADD003A2E2D /* GRListTableViewController.m */,
				CD7A018A17327ADD003A2E2D /* GRListTableViewController.xib */,
			);
			path = "Station List";
			sourceTree = "<group>";
		};
		CD7A019617328DC1003A2E2D /* Cell */ = {
			isa = PBXGroup;
			children = (
				CD7A019B17328E74003A2E2D /* GRSeparatorBottom@2x.png */,
				CD7A019C17328E74003A2E2D /* GRSeparatorBottom.png */,
				CD7A019717328DC2003A2E2D /* GRMicrophone.png */,
				CD7A019817328DC2003A2E2D /* GRMicrophone@2x.png */,
			);
			path = Cell;
			sourceTree = "<group>";
		};
		CD7A02071732939F003A2E2D /* Notification Center */ = {
			isa = PBXGroup;
			children = (
				CD7A0208173293D2003A2E2D /* GRNotificationCenter.h */,
				CD7A0209173293D2003A2E2D /* GRNotificationCenter.m */,
			);
			path = "Notification Center";
			sourceTree = "<group>";
		};
		CD7A020F17329980003A2E2D /* CKRefreshControl */ = {
			isa = PBXGroup;
			children = (
				CD7A021017329980003A2E2D /* CKParagraphStyle.h */,
				CD7A021117329980003A2E2D /* CKParagraphStyle.m */,
				CD7A021217329980003A2E2D /* CKRefreshArrowView.h */,
				CD7A021317329980003A2E2D /* CKRefreshArrowView.m */,
				CD7A021417329980003A2E2D /* CKRefreshControl-Prefix.pch */,
				CD7A021517329980003A2E2D /* CKRefreshControl.h */,
				CD7A021617329980003A2E2D /* CKRefreshControl.m */,
			);
			path = CKRefreshControl;
			sourceTree = "<group>";
		};
		CD7A021817329980003A2E2D /* Products */ = {
			isa = PBXGroup;
			children = (
				CD7A021F17329981003A2E2D /* libCKRefreshControl.a */,
			);
			name = Products;
			sourceTree = "<group>";
		};
		CD7A024F1732B2CE003A2E2D /* Splash Screen */ = {
			isa = PBXGroup;
			children = (
				CD7A02501732B33B003A2E2D /* GRSplashViewController.h */,
				CD7A02511732B33B003A2E2D /* GRSplashViewController.m */,
				CD7A02521732B33B003A2E2D /* GRSplashViewController.xib */,
			);
			path = "Splash Screen";
			sourceTree = "<group>";
		};
		CD7A02651732C176003A2E2D /* Block Alert */ = {
			isa = PBXGroup;
			children = (
				CD7A02661732C177003A2E2D /* BlockActionSheet.h */,
				CD7A02671732C177003A2E2D /* BlockActionSheet.m */,
				CD7A02681732C177003A2E2D /* BlockAlertView.h */,
				CD7A02691732C177003A2E2D /* BlockAlertView.m */,
				CD7A026A1732C177003A2E2D /* BlockBackground.h */,
				CD7A026B1732C177003A2E2D /* BlockBackground.m */,
				CD7A026C1732C177003A2E2D /* BlockTableAlertView.h */,
				CD7A026D1732C177003A2E2D /* BlockTableAlertView.m */,
				CD7A026E1732C177003A2E2D /* BlockTextPromptAlertView.h */,
				CD7A026F1732C177003A2E2D /* BlockTextPromptAlertView.m */,
				CD7A02701732C177003A2E2D /* BlockUI.h */,
			);
			path = "Block Alert";
			sourceTree = "<group>";
		};
		CD7A02761732C1E5003A2E2D /* ActionSheet */ = {
			isa = PBXGroup;
			children = (
				CD7A02771732C1E6003A2E2D /* action-black-button-selected.png */,
				CD7A02781732C1E6003A2E2D /* action-black-button-selected@2x.png */,
				CD7A02791732C1E6003A2E2D /* action-black-button.png */,
				CD7A027A1732C1E6003A2E2D /* action-black-button@2x.png */,
				CD7A027B1732C1E6003A2E2D /* action-gray-button-selected.png */,
				CD7A027C1732C1E6003A2E2D /* action-gray-button-selected@2x.png */,
				CD7A027D1732C1E6003A2E2D /* action-gray-button.png */,
				CD7A027E1732C1E6003A2E2D /* action-gray-button@2x.png */,
				CD7A027F1732C1E6003A2E2D /* action-red-button-selected.png */,
				CD7A02801732C1E6003A2E2D /* action-red-button-selected@2x.png */,
				CD7A02811732C1E6003A2E2D /* action-red-button.png */,
				CD7A02821732C1E6003A2E2D /* action-red-button@2x.png */,
				CD7A02831732C1E6003A2E2D /* action-sheet-panel.png */,
				CD7A02841732C1E6003A2E2D /* action-sheet-panel@2x.png */,
			);
			path = ActionSheet;
			sourceTree = "<group>";
		};
		CD7A02851732C1E6003A2E2D /* AlertView */ = {
			isa = PBXGroup;
			children = (
				CD7A02861732C1E6003A2E2D /* alert-black-button.png */,
				CD7A02871732C1E6003A2E2D /* alert-black-button@2x.png */,
				CD7A02881732C1E6003A2E2D /* alert-gray-button.png */,
				CD7A02891732C1E6003A2E2D /* alert-gray-button@2x.png */,
				CD7A028A1732C1E6003A2E2D /* alert-red-button.png */,
				CD7A028B1732C1E7003A2E2D /* alert-red-button@2x.png */,
				CD7A028E1732C1E7003A2E2D /* alert-window.png */,
				CD7A028F1732C1E7003A2E2D /* alert-window@2x.png */,
			);
			path = AlertView;
			sourceTree = "<group>";
		};
		CD7A02B21732D852003A2E2D /* JSBadgeView */ = {
			isa = PBXGroup;
			children = (
				CD7A02B31732D852003A2E2D /* JSBadgeView.h */,
				CD7A02B41732D852003A2E2D /* JSBadgeView.m */,
			);
			path = JSBadgeView;
			sourceTree = "<group>";
		};
		CD7A02BC1732E9AF003A2E2D /* Appearance */ = {
			isa = PBXGroup;
			children = (
				CD7A02BD1732E9C8003A2E2D /* GRAppearance‎Helper.h */,
				CD7A02BE1732E9C8003A2E2D /* GRAppearance‎Helper.m */,
			);
			path = Appearance;
			sourceTree = "<group>";
		};
		CD92B5161735729E00771F26 /* Constants */ = {
			isa = PBXGroup;
			children = (
				CD92B517173572C100771F26 /* GRConstants.h */,
				CD92B518173572C100771F26 /* GRConstants.m */,
			);
			path = Constants;
			sourceTree = "<group>";
		};
		CDA752E5173049A0005B25EC /* Web Service */ = {
			isa = PBXGroup;
			children = (
				CDA752E6173049A0005B25EC /* GRWebService.h */,
				CDA752E7173049A0005B25EC /* GRWebService.m */,
			);
			path = "Web Service";
			sourceTree = "<group>";
		};
		CDA752EC17305471005B25EC /* Core Data */ = {
			isa = PBXGroup;
			children = (
				CDA752ED1730548F005B25EC /* GRCoreDataStack.h */,
				CDA752EE1730548F005B25EC /* GRCoreDataStack.m */,
				CDA752FC1730573C005B25EC /* GRStationsDAO.h */,
				CDA752FD1730573C005B25EC /* GRStationsDAO.m */,
				CDA75305173058DE005B25EC /* GreekRadioModel.xcdatamodeld */,
				CDA7530E17305B52005B25EC /* GRStation.h */,
				CDA7530F17305B52005B25EC /* GRStation.m */,
			);
			path = "Core Data";
			sourceTree = "<group>";
		};
		CDA7534E17306A56005B25EC /* Cells */ = {
			isa = PBXGroup;
			children = (
				CD7A017B17327591003A2E2D /* GRStationCellView.xib */,
				CDA7534F173070A6005B25EC /* GRStationCellView.h */,
				CDA75350173070A6005B25EC /* GRStationCellView.m */,
			);
			name = Cells;
			sourceTree = "<group>";
		};
		CDD7EBDF1733B66100225F5A /* Reachability */ = {
			isa = PBXGroup;
			children = (
				CDD7EBE01733B66100225F5A /* Reachability.h */,
				CDD7EBE11733B66100225F5A /* Reachability.m */,
			);
			path = Reachability;
			sourceTree = "<group>";
		};
		CDD7EBE41733B69500225F5A /* Internet Doctor */ = {
			isa = PBXGroup;
			children = (
				CDD7EBE51733B6A900225F5A /* NSInternetDoctor.h */,
				CDD7EBE61733B6A900225F5A /* NSInternetDoctor.m */,
			);
			path = "Internet Doctor";
			sourceTree = "<group>";
		};
		CDD7EBEA1733BC5D00225F5A /* Radio Player */ = {
			isa = PBXGroup;
			children = (
				CDD7EBEB1733BC6D00225F5A /* GRRadioPlayer.h */,
				CDD7EBEC1733BC6D00225F5A /* GRRadioPlayer.m */,
			);
			path = "Radio Player";
			sourceTree = "<group>";
		};
		CDD7EBFF1733CA8200225F5A /* Buttons */ = {
			isa = PBXGroup;
			children = (
				CD92B50C173455E900771F26 /* GRNetwork@2x.png */,
				CD92B50D173455E900771F26 /* GRPause@2x.png */,
				CD92B50E173455EA00771F26 /* GRPlay@2x.png */,
				CD92B50F173455EA00771F26 /* GRHeart@2x.png */,
				CD92B51417345B2600771F26 /* GRHeartSelected@2x.png */,
			);
			path = Buttons;
			sourceTree = "<group>";
		};
		CDE43A7217303DD4004C0698 = {
			isa = PBXGroup;
			children = (
				CDE43A8417303DD5004C0698 /* Greek Radio */,
				CDE43A7D17303DD5004C0698 /* Frameworks */,
				CDA752DC173044EE005B25EC /* icon114x114.png */,
				CDA752DB173044EE005B25EC /* icon57x57.png */,
				CDE43A7C17303DD5004C0698 /* Products */,
			);
			sourceTree = "<group>";
		};
		CDE43A7C17303DD5004C0698 /* Products */ = {
			isa = PBXGroup;
			children = (
				CDE43A7B17303DD5004C0698 /* Greek Radio.app */,
			);
			name = Products;
			sourceTree = "<group>";
		};
		CDE43A7D17303DD5004C0698 /* Frameworks */ = {
			isa = PBXGroup;
			children = (
				CD6AD36917312F8B0009A106 /* AudioToolbox.framework */,
				CD6AD36717312F7E0009A106 /* CFNetwork.framework */,
				CDA752F0173055DA005B25EC /* CoreData.framework */,
				CDE43A8217303DD5004C0698 /* CoreGraphics.framework */,
				CDE43A8017303DD5004C0698 /* Foundation.framework */,
				CD92B5021734272800771F26 /* MediaPlayer.framework */,
				CD7A02BA1732E5C7003A2E2D /* MessageUI.framework */,
				CD7A0222173299AF003A2E2D /* QuartzCore.framework */,
				CD92B4F91733EF7000771F26 /* Social.framework */,
				CD53C9621737B15800264230 /* StoreKit.framework */,
				CDD7EBE81733BA9500225F5A /* SystemConfiguration.framework */,
				CDE43A7E17303DD5004C0698 /* UIKit.framework */,
			);
			name = Frameworks;
			sourceTree = "<group>";
		};
		CDE43A8417303DD5004C0698 /* Greek Radio */ = {
			isa = PBXGroup;
			children = (
				CD53C9511737A97800264230 /* Settings.bundle */,
				CDE43AA317303F5B004C0698 /* Assets */,
				CDE43AA817303F5B004C0698 /* Classes */,
				CDE43AB9173041B8004C0698 /* Libraries */,
				CDE43A8517303DD5004C0698 /* Supporting Files */,
				CDE43AAC17303F5B004C0698 /* Views */,
			);
			path = "Greek Radio";
			sourceTree = "<group>";
		};
		CDE43A8517303DD5004C0698 /* Supporting Files */ = {
			isa = PBXGroup;
			children = (
				CDE43AA117303F54004C0698 /* InfoPlist.strings */,
				CDE43A8617303DD5004C0698 /* Greek Radio-Info.plist */,
				CDE43A8A17303DD5004C0698 /* main.m */,
				CDE43A8C17303DD5004C0698 /* Greek Radio-Prefix.pch */,
			);
			name = "Supporting Files";
			sourceTree = "<group>";
		};
		CDE43AA317303F5B004C0698 /* Assets */ = {
			isa = PBXGroup;
			children = (
				CD7A02A81732C5A3003A2E2D /* CoverPlaceholder.png */,
				CDD7EBFF1733CA8200225F5A /* Buttons */,
				CD7A02761732C1E5003A2E2D /* ActionSheet */,
				CD7A02851732C1E6003A2E2D /* AlertView */,
				CD7A019617328DC1003A2E2D /* Cell */,
				CDE43AA417303F5B004C0698 /* Defaults */,
				CD7A018117327799003A2E2D /* Toolbar */,
			);
			path = Assets;
			sourceTree = "<group>";
		};
		CDE43AA417303F5B004C0698 /* Defaults */ = {
			isa = PBXGroup;
			children = (
				CDE43AA517303F5B004C0698 /* Default-568h@2x.png */,
				CDE43AA617303F5B004C0698 /* Default.png */,
				CDE43AA717303F5B004C0698 /* Default@2x.png */,
			);
			path = Defaults;
			sourceTree = "<group>";
		};
		CDE43AA817303F5B004C0698 /* Classes */ = {
			isa = PBXGroup;
			children = (
				CD7A02BC1732E9AF003A2E2D /* Appearance */,
				CDE43AA917303F5B004C0698 /* Application Delegate */,
				CDA752EC17305471005B25EC /* Core Data */,
				CD92B5161735729E00771F26 /* Constants */,
				CDD7EBE41733B69500225F5A /* Internet Doctor */,
				CD7A02071732939F003A2E2D /* Notification Center */,
				CDD7EBEA1733BC5D00225F5A /* Radio Player */,
				CDA752E5173049A0005B25EC /* Web Service */,
			);
			path = Classes;
			sourceTree = "<group>";
		};
		CDE43AA917303F5B004C0698 /* Application Delegate */ = {
			isa = PBXGroup;
			children = (
				CDE43AAA17303F5B004C0698 /* GRAppDelegate.h */,
				CDE43AAB17303F5B004C0698 /* GRAppDelegate.m */,
			);
			path = "Application Delegate";
			sourceTree = "<group>";
		};
		CDE43AAC17303F5B004C0698 /* Views */ = {
			isa = PBXGroup;
			children = (
				CD7A017D1732774F003A2E2D /* Helpers */,
				CDA7534E17306A56005B25EC /* Cells */,
				CD7A018717327ADD003A2E2D /* Station List */,
				CD7A024F1732B2CE003A2E2D /* Splash Screen */,
				CD7A018617327AC7003A2E2D /* Player */,
			);
			path = Views;
			sourceTree = "<group>";
		};
		CDE43AB9173041B8004C0698 /* Libraries */ = {
			isa = PBXGroup;
			children = (
				CD53C9541737B0D400264230 /* Appirater */,
				CD6AD35F17312F5D0009A106 /* Audio Streamer */,
				CD7A02651732C176003A2E2D /* Block Alert */,
				CD7A020F17329980003A2E2D /* CKRefreshControl */,
				CD7A021717329980003A2E2D /* CKRefreshControl.xcodeproj */,
				CD7A02B21732D852003A2E2D /* JSBadgeView */,
				CDA752DF1730451E005B25EC /* libz.dylib */,
				CDD7EBDF1733B66100225F5A /* Reachability */,
				CD6AD36217312F5D0009A106 /* TestFlight */,
			);
			path = Libraries;
			sourceTree = "<group>";
		};
/* End PBXGroup section */

/* Begin PBXNativeTarget section */
		CDE43A7A17303DD5004C0698 /* Greek Radio */ = {
			isa = PBXNativeTarget;
			buildConfigurationList = CDE43A9E17303DD5004C0698 /* Build configuration list for PBXNativeTarget "Greek Radio" */;
			buildPhases = (
				CDE43A7717303DD5004C0698 /* Sources */,
				CDE43A7817303DD5004C0698 /* Frameworks */,
				CDE43A7917303DD5004C0698 /* Resources */,
			);
			buildRules = (
			);
			dependencies = (
			);
			name = "Greek Radio";
			productName = "Greek Radio";
			productReference = CDE43A7B17303DD5004C0698 /* Greek Radio.app */;
			productType = "com.apple.product-type.application";
		};
/* End PBXNativeTarget section */

/* Begin PBXProject section */
		CDE43A7317303DD5004C0698 /* Project object */ = {
			isa = PBXProject;
			attributes = {
				CLASSPREFIX = GR;
				LastUpgradeCheck = 0460;
				ORGANIZATIONNAME = "Patrick Chamelo - nscoding";
			};
			buildConfigurationList = CDE43A7617303DD5004C0698 /* Build configuration list for PBXProject "Greek Radio" */;
			compatibilityVersion = "Xcode 3.2";
			developmentRegion = English;
			hasScannedForEncodings = 0;
			knownRegions = (
				en,
				el,
			);
			mainGroup = CDE43A7217303DD4004C0698;
			productRefGroup = CDE43A7C17303DD5004C0698 /* Products */;
			projectDirPath = "";
			projectReferences = (
				{
					ProductGroup = CD7A021817329980003A2E2D /* Products */;
					ProjectRef = CD7A021717329980003A2E2D /* CKRefreshControl.xcodeproj */;
				},
			);
			projectRoot = "";
			targets = (
				CDE43A7A17303DD5004C0698 /* Greek Radio */,
			);
		};
/* End PBXProject section */

/* Begin PBXReferenceProxy section */
		CD7A021F17329981003A2E2D /* libCKRefreshControl.a */ = {
			isa = PBXReferenceProxy;
			fileType = archive.ar;
			path = libCKRefreshControl.a;
			remoteRef = CD7A021E17329981003A2E2D /* PBXContainerItemProxy */;
			sourceTree = BUILT_PRODUCTS_DIR;
		};
/* End PBXReferenceProxy section */

/* Begin PBXResourcesBuildPhase section */
		CDE43A7917303DD5004C0698 /* Resources */ = {
			isa = PBXResourcesBuildPhase;
			buildActionMask = 2147483647;
			files = (
				CDE43AA217303F54004C0698 /* InfoPlist.strings in Resources */,
				CDE43AB117303F5B004C0698 /* Default-568h@2x.png in Resources */,
				CDE43AB217303F5B004C0698 /* Default.png in Resources */,
				CDE43AB317303F5B004C0698 /* Default@2x.png in Resources */,
				CDA752DD173044EE005B25EC /* icon57x57.png in Resources */,
				CDA752DE173044EE005B25EC /* icon114x114.png in Resources */,
				CD7A017C17327591003A2E2D /* GRStationCellView.xib in Resources */,
				CD7A018417327799003A2E2D /* GRWoodHeader.png in Resources */,
				CD7A018517327799003A2E2D /* GRWoodHeader@2x.png in Resources */,
				CD7A018C17327ADD003A2E2D /* GRListTableViewController.xib in Resources */,
				CD7A019117327AF4003A2E2D /* GRPlayerViewController.xib in Resources */,
				CD7A019917328DC2003A2E2D /* GRMicrophone.png in Resources */,
				CD7A019A17328DC2003A2E2D /* GRMicrophone@2x.png in Resources */,
				CD7A019D17328E74003A2E2D /* GRSeparatorBottom@2x.png in Resources */,
				CD7A019E17328E74003A2E2D /* GRSeparatorBottom.png in Resources */,
				CD7A02541732B33B003A2E2D /* GRSplashViewController.xib in Resources */,
				CD7A02631732BDD1003A2E2D /* GRPaperBackground.png in Resources */,
				CD7A02641732BDD1003A2E2D /* GRPaperBackground@2x.png in Resources */,
				CD7A02901732C1E7003A2E2D /* action-black-button-selected.png in Resources */,
				CD7A02911732C1E7003A2E2D /* action-black-button-selected@2x.png in Resources */,
				CD7A02921732C1E7003A2E2D /* action-black-button.png in Resources */,
				CD7A02931732C1E7003A2E2D /* action-black-button@2x.png in Resources */,
				CD7A02941732C1E7003A2E2D /* action-gray-button-selected.png in Resources */,
				CD7A02951732C1E7003A2E2D /* action-gray-button-selected@2x.png in Resources */,
				CD7A02961732C1E7003A2E2D /* action-gray-button.png in Resources */,
				CD7A02971732C1E7003A2E2D /* action-gray-button@2x.png in Resources */,
				CD7A02981732C1E7003A2E2D /* action-red-button-selected.png in Resources */,
				CD7A02991732C1E7003A2E2D /* action-red-button-selected@2x.png in Resources */,
				CD7A029A1732C1E7003A2E2D /* action-red-button.png in Resources */,
				CD7A029B1732C1E7003A2E2D /* action-red-button@2x.png in Resources */,
				CD7A029C1732C1E7003A2E2D /* action-sheet-panel.png in Resources */,
				CD7A029D1732C1E7003A2E2D /* action-sheet-panel@2x.png in Resources */,
				CD7A029E1732C1E7003A2E2D /* alert-black-button.png in Resources */,
				CD7A029F1732C1E7003A2E2D /* alert-black-button@2x.png in Resources */,
				CD7A02A01732C1E7003A2E2D /* alert-gray-button.png in Resources */,
				CD7A02A11732C1E7003A2E2D /* alert-gray-button@2x.png in Resources */,
				CD7A02A21732C1E7003A2E2D /* alert-red-button.png in Resources */,
				CD7A02A31732C1E7003A2E2D /* alert-red-button@2x.png in Resources */,
				CD7A02A61732C1E7003A2E2D /* alert-window.png in Resources */,
				CD7A02A71732C1E7003A2E2D /* alert-window@2x.png in Resources */,
				CD7A02A91732C5A3003A2E2D /* CoverPlaceholder.png in Resources */,
				CD7A02C31732FE89003A2E2D /* GRMore@2x.png in Resources */,
				CD7A02C41732FE89003A2E2D /* GRMore.png in Resources */,
				CD7A02CE173315AF003A2E2D /* GRList.png in Resources */,
				CD7A02CF173315AF003A2E2D /* GRList@2x.png in Resources */,
				CD92B50517344C4300771F26 /* GRBottom@2x.png in Resources */,
				CD92B510173455EA00771F26 /* GRNetwork@2x.png in Resources */,
				CD92B511173455EA00771F26 /* GRPause@2x.png in Resources */,
				CD92B512173455EA00771F26 /* GRPlay@2x.png in Resources */,
				CD92B513173455EA00771F26 /* GRHeart@2x.png in Resources */,
				CD92B51517345B2600771F26 /* GRHeartSelected@2x.png in Resources */,
				CD92B52A173587C400771F26 /* GRTrackEmpty.png in Resources */,
				CD92B52B173587C400771F26 /* GRTrackEmpty@2x.png in Resources */,
				CD92B52C173587C400771F26 /* GRTrackFill.png in Resources */,
				CD92B52D173587C400771F26 /* GRTrackFill@2x.png in Resources */,
				CD92B5301735882F00771F26 /* GRKnobBase.png in Resources */,
				CD92B5311735882F00771F26 /* GRKnobBase@2x.png in Resources */,
				CD53C9521737A97900264230 /* Settings.bundle in Resources */,
				CD53C95D1737B0D400264230 /* .gitignore in Resources */,
				CD53C95F1737B0D400264230 /* AppiraterLocalizable.strings in Resources */,
				CD53C9601737B0D400264230 /* README.md in Resources */,
			);
			runOnlyForDeploymentPostprocessing = 0;
		};
/* End PBXResourcesBuildPhase section */

/* Begin PBXSourcesBuildPhase section */
		CDE43A7717303DD5004C0698 /* Sources */ = {
			isa = PBXSourcesBuildPhase;
			buildActionMask = 2147483647;
			files = (
				CDE43A8B17303DD5004C0698 /* main.m in Sources */,
				CDE43AB417303F5B004C0698 /* GRAppDelegate.m in Sources */,
				CDA752E8173049A0005B25EC /* GRWebService.m in Sources */,
				CDA752EF1730548F005B25EC /* GRCoreDataStack.m in Sources */,
				CDA752FE1730573C005B25EC /* GRStationsDAO.m in Sources */,
				CDA75307173058DE005B25EC /* GreekRadioModel.xcdatamodeld in Sources */,
				CDA7531017305B52005B25EC /* GRStation.m in Sources */,
				CDA75351173070A6005B25EC /* GRStationCellView.m in Sources */,
				CD6AD36517312F5D0009A106 /* AudioStreamer.m in Sources */,
				CD7A018B17327ADD003A2E2D /* GRListTableViewController.m in Sources */,
				CD7A019017327AF4003A2E2D /* GRPlayerViewController.m in Sources */,
				CD7A020A173293D2003A2E2D /* GRNotificationCenter.m in Sources */,
				CD7A021A17329980003A2E2D /* CKParagraphStyle.m in Sources */,
				CD7A021B17329980003A2E2D /* CKRefreshArrowView.m in Sources */,
				CD7A021C17329980003A2E2D /* CKRefreshControl.m in Sources */,
				CD7A02531732B33B003A2E2D /* GRSplashViewController.m in Sources */,
				CD7A02711732C177003A2E2D /* BlockActionSheet.m in Sources */,
				CD7A02721732C177003A2E2D /* BlockAlertView.m in Sources */,
				CD7A02731732C177003A2E2D /* BlockBackground.m in Sources */,
				CD7A02741732C177003A2E2D /* BlockTableAlertView.m in Sources */,
				CD7A02751732C177003A2E2D /* BlockTextPromptAlertView.m in Sources */,
				CD7A02B51732D852003A2E2D /* JSBadgeView.m in Sources */,
				CD7A02BF1732E9C8003A2E2D /* GRAppearance‎Helper.m in Sources */,
				CDD7EBE21733B66100225F5A /* Reachability.m in Sources */,
				CDD7EBE71733B6A900225F5A /* NSInternetDoctor.m in Sources */,
				CDD7EBED1733BC6D00225F5A /* GRRadioPlayer.m in Sources */,
				CD92B501173400B600771F26 /* GRShareHelper.m in Sources */,
				CD92B519173572C100771F26 /* GRConstants.m in Sources */,
				CD53C95E1737B0D400264230 /* Appirater.m in Sources */,
			);
			runOnlyForDeploymentPostprocessing = 0;
		};
/* End PBXSourcesBuildPhase section */

/* Begin PBXVariantGroup section */
		CD53C9591737B0D400264230 /* AppiraterLocalizable.strings */ = {
			isa = PBXVariantGroup;
			children = (
				CD53C95A1737B0D400264230 /* el */,
				CD53C95B1737B0D400264230 /* en */,
			);
			name = AppiraterLocalizable.strings;
			sourceTree = "<group>";
		};
/* End PBXVariantGroup section */

/* Begin XCBuildConfiguration section */
		CDE43A9C17303DD5004C0698 /* Development */ = {
			isa = XCBuildConfiguration;
			buildSettings = {
				ALWAYS_SEARCH_USER_PATHS = NO;
				CLANG_CXX_LANGUAGE_STANDARD = "gnu++0x";
				CLANG_CXX_LIBRARY = "libc++";
				CLANG_ENABLE_OBJC_ARC = YES;
				CLANG_WARN_CONSTANT_CONVERSION = YES;
				CLANG_WARN_EMPTY_BODY = YES;
				CLANG_WARN_ENUM_CONVERSION = YES;
				CLANG_WARN_INT_CONVERSION = YES;
				CLANG_WARN__DUPLICATE_METHOD_MATCH = YES;
				"CODE_SIGN_IDENTITY[sdk=iphoneos*]" = "";
				COPY_PHASE_STRIP = NO;
				GCC_C_LANGUAGE_STANDARD = gnu99;
				GCC_DYNAMIC_NO_PIC = NO;
				GCC_OPTIMIZATION_LEVEL = 0;
				GCC_PREPROCESSOR_DEFINITIONS = (
					"DEBUG=1",
					"$(inherited)",
				);
				GCC_PREPROCESSOR_DEFINITIONS_NOT_USED_IN_PRECOMPS = "APPSTORE=0";
				GCC_SYMBOLS_PRIVATE_EXTERN = NO;
				GCC_WARN_ABOUT_RETURN_TYPE = YES;
				GCC_WARN_UNINITIALIZED_AUTOS = YES;
				GCC_WARN_UNUSED_VARIABLE = YES;
				IPHONEOS_DEPLOYMENT_TARGET = 5.0;
				ONLY_ACTIVE_ARCH = YES;
				SDKROOT = iphoneos;
			};
			name = Development;
		};
		CDE43A9D17303DD5004C0698 /* App Store */ = {
			isa = XCBuildConfiguration;
			buildSettings = {
				ALWAYS_SEARCH_USER_PATHS = NO;
				CLANG_CXX_LANGUAGE_STANDARD = "gnu++0x";
				CLANG_CXX_LIBRARY = "libc++";
				CLANG_ENABLE_OBJC_ARC = YES;
				CLANG_WARN_CONSTANT_CONVERSION = YES;
				CLANG_WARN_EMPTY_BODY = YES;
				CLANG_WARN_ENUM_CONVERSION = YES;
				CLANG_WARN_INT_CONVERSION = YES;
				CLANG_WARN__DUPLICATE_METHOD_MATCH = YES;
				"CODE_SIGN_IDENTITY[sdk=iphoneos*]" = "";
				COPY_PHASE_STRIP = YES;
				GCC_C_LANGUAGE_STANDARD = gnu99;
				GCC_PREPROCESSOR_DEFINITIONS_NOT_USED_IN_PRECOMPS = "APPSTORE=1";
				GCC_WARN_ABOUT_RETURN_TYPE = YES;
				GCC_WARN_UNINITIALIZED_AUTOS = YES;
				GCC_WARN_UNUSED_VARIABLE = YES;
				IPHONEOS_DEPLOYMENT_TARGET = 5.0;
				OTHER_CFLAGS = "-DNS_BLOCK_ASSERTIONS=1";
				SDKROOT = iphoneos;
				VALIDATE_PRODUCT = YES;
			};
			name = "App Store";
		};
		CDE43A9F17303DD5004C0698 /* Development */ = {
			isa = XCBuildConfiguration;
			buildSettings = {
				CODE_SIGN_IDENTITY = "iPhone Developer: Patrick CHAMELO (4S7SPYVR8G)";
				"CODE_SIGN_IDENTITY[sdk=iphoneos*]" = "iPhone Developer: Patrick CHAMELO (4S7SPYVR8G)";
				GCC_PRECOMPILE_PREFIX_HEADER = YES;
				GCC_PREFIX_HEADER = "Greek Radio/Greek Radio-Prefix.pch";
				INFOPLIST_FILE = "Greek Radio/Greek Radio-Info.plist";
				IPHONEOS_DEPLOYMENT_TARGET = 5.0;
				LIBRARY_SEARCH_PATHS = (
					"$(inherited)",
					"\"$(SRCROOT)/Greek Radio/Libraries\"",
					"\"$(SRCROOT)/Greek Radio/Libraries/TestFlight\"",
				);
				PRODUCT_NAME = "$(TARGET_NAME)";
				PROVISIONING_PROFILE = "CE7558F5-9EEA-40C0-BD99-CB02C530D2B3";
				"PROVISIONING_PROFILE[sdk=iphoneos*]" = "CE7558F5-9EEA-40C0-BD99-CB02C530D2B3";
				SDKROOT = iphoneos6.1;
				WRAPPER_EXTENSION = app;
			};
			name = Development;
		};
		CDE43AA017303DD5004C0698 /* App Store */ = {
			isa = XCBuildConfiguration;
			buildSettings = {
				CODE_SIGN_IDENTITY = "iPhone Distribution: Patrick CHAMELO";
				"CODE_SIGN_IDENTITY[sdk=iphoneos*]" = "iPhone Distribution: Patrick CHAMELO";
				GCC_PRECOMPILE_PREFIX_HEADER = YES;
				GCC_PREFIX_HEADER = "Greek Radio/Greek Radio-Prefix.pch";
				INFOPLIST_FILE = "Greek Radio/Greek Radio-Info.plist";
				IPHONEOS_DEPLOYMENT_TARGET = 5.0;
				LIBRARY_SEARCH_PATHS = (
					"$(inherited)",
					"\"$(SRCROOT)/Greek Radio/Libraries\"",
					"\"$(SRCROOT)/Greek Radio/Libraries/TestFlight\"",
				);
				PRODUCT_NAME = "$(TARGET_NAME)";
				PROVISIONING_PROFILE = "FA6C7B30-70A4-43AB-9168-2D66CC10C70A";
				"PROVISIONING_PROFILE[sdk=iphoneos*]" = "FA6C7B30-70A4-43AB-9168-2D66CC10C70A";
				SDKROOT = iphoneos6.1;
				WRAPPER_EXTENSION = app;
			};
			name = "App Store";
		};
		CDE43AB717303FA6004C0698 /* Adhoc */ = {
			isa = XCBuildConfiguration;
			buildSettings = {
				ALWAYS_SEARCH_USER_PATHS = NO;
				CLANG_CXX_LANGUAGE_STANDARD = "gnu++0x";
				CLANG_CXX_LIBRARY = "libc++";
				CLANG_ENABLE_OBJC_ARC = YES;
				CLANG_WARN_CONSTANT_CONVERSION = YES;
				CLANG_WARN_EMPTY_BODY = YES;
				CLANG_WARN_ENUM_CONVERSION = YES;
				CLANG_WARN_INT_CONVERSION = YES;
				CLANG_WARN__DUPLICATE_METHOD_MATCH = YES;
				"CODE_SIGN_IDENTITY[sdk=iphoneos*]" = "";
				COPY_PHASE_STRIP = YES;
				GCC_C_LANGUAGE_STANDARD = gnu99;
				GCC_PREPROCESSOR_DEFINITIONS_NOT_USED_IN_PRECOMPS = "APPSTORE=0";
				GCC_WARN_ABOUT_RETURN_TYPE = YES;
				GCC_WARN_UNINITIALIZED_AUTOS = YES;
				GCC_WARN_UNUSED_VARIABLE = YES;
				IPHONEOS_DEPLOYMENT_TARGET = 5.0;
				OTHER_CFLAGS = "-DNS_BLOCK_ASSERTIONS=1";
				SDKROOT = iphoneos;
				VALIDATE_PRODUCT = YES;
			};
			name = Adhoc;
		};
		CDE43AB817303FA6004C0698 /* Adhoc */ = {
			isa = XCBuildConfiguration;
			buildSettings = {
				CODE_SIGN_IDENTITY = "iPhone Distribution: Patrick CHAMELO";
				"CODE_SIGN_IDENTITY[sdk=iphoneos*]" = "iPhone Distribution: Patrick CHAMELO";
				GCC_PRECOMPILE_PREFIX_HEADER = YES;
				GCC_PREFIX_HEADER = "Greek Radio/Greek Radio-Prefix.pch";
				INFOPLIST_FILE = "Greek Radio/Greek Radio-Info.plist";
				IPHONEOS_DEPLOYMENT_TARGET = 5.0;
				LIBRARY_SEARCH_PATHS = (
					"$(inherited)",
					"\"$(SRCROOT)/Greek Radio/Libraries\"",
					"\"$(SRCROOT)/Greek Radio/Libraries/TestFlight\"",
				);
				PRODUCT_NAME = "$(TARGET_NAME)";
				PROVISIONING_PROFILE = "21194C0D-9B25-4552-BD18-9A46EB118E09";
				"PROVISIONING_PROFILE[sdk=iphoneos*]" = "21194C0D-9B25-4552-BD18-9A46EB118E09";
				SDKROOT = iphoneos6.1;
				WRAPPER_EXTENSION = app;
			};
			name = Adhoc;
		};
/* End XCBuildConfiguration section */

/* Begin XCConfigurationList section */
		CDE43A7617303DD5004C0698 /* Build configuration list for PBXProject "Greek Radio" */ = {
			isa = XCConfigurationList;
			buildConfigurations = (
				CDE43A9C17303DD5004C0698 /* Development */,
				CDE43A9D17303DD5004C0698 /* App Store */,
				CDE43AB717303FA6004C0698 /* Adhoc */,
			);
			defaultConfigurationIsVisible = 0;
			defaultConfigurationName = "App Store";
		};
		CDE43A9E17303DD5004C0698 /* Build configuration list for PBXNativeTarget "Greek Radio" */ = {
			isa = XCConfigurationList;
			buildConfigurations = (
				CDE43A9F17303DD5004C0698 /* Development */,
				CDE43AA017303DD5004C0698 /* App Store */,
				CDE43AB817303FA6004C0698 /* Adhoc */,
			);
			defaultConfigurationIsVisible = 0;
			defaultConfigurationName = "App Store";
		};
/* End XCConfigurationList section */

/* Begin XCVersionGroup section */
		CDA75305173058DE005B25EC /* GreekRadioModel.xcdatamodeld */ = {
			isa = XCVersionGroup;
			children = (
				CDA75306173058DE005B25EC /* GreekRadioModel.xcdatamodel */,
			);
			currentVersion = CDA75306173058DE005B25EC /* GreekRadioModel.xcdatamodel */;
			path = GreekRadioModel.xcdatamodeld;
			sourceTree = "<group>";
			versionGroupType = wrapper.xcdatamodel;
		};
/* End XCVersionGroup section */
	};
	rootObject = CDE43A7317303DD5004C0698 /* Project object */;
}
